
PODS:
- BlocksKit (1.8.1)
- CDEvents (1.2.0)
- CNGridView (1.1.4)
- INAppStoreWindow (HEAD based on 1.2)
- NSHash (1.0.1)

DEPENDENCIES:
- BlocksKit (~> 1.8.1)
- CDEvents (~> 1.2.0)
- CNGridView (from `~/code/CNGridView')
- INAppStoreWindow (HEAD)
- NSHash (~> 1.0.1)

EXTERNAL SOURCES:
  CNGridView:
    :local: ~/code/CNGridView

SPEC CHECKSUMS:
  BlocksKit: 18102744fd7c44b54f1e54ce6ffe9258bcb5df81
  CDEvents: 079cd7b12501bafe6c7ec204f87cecdadce121cc
  CNGridView: aa412e7862c5cdd33e30fed9ecb4ebd36f8887fb
  INAppStoreWindow: d00327caee47d951043169df9aaab952389defcb
  NSHash: 08e81b655e7d2e3d9b872c192e52f77b76694918

COCOAPODS: 0.16.4
