// !$*UTF8*$!
{
	archiveVersion = 1;
	classes = {
	};
	objectVersion = 46;
	objects = {

/* Begin PBXBuildFile section */
		0F01F470171F5D8C00579894 /* NSGraphicsContext+GraphicsContext.m in Sources */ = {isa = PBXBuildFile; fileRef = 0F01F46F171F5D8C00579894 /* NSGraphicsContext+GraphicsContext.m */; };
		0F04A62D1737C71000E53ED1 /* Cocoa.framework in Frameworks */ = {isa = PBXBuildFile; fileRef = 0F62BA65173673B200E661DD /* Cocoa.framework */; };
		0F04A6331737C71000E53ED1 /* InfoPlist.strings in Resources */ = {isa = PBXBuildFile; fileRef = 0F04A6311737C71000E53ED1 /* InfoPlist.strings */; };
		0F04A6431737C74800E53ED1 /* Exposure.h in Headers */ = {isa = PBXBuildFile; fileRef = 0F04A63B1737C74800E53ED1 /* Exposure.h */; settings = {ATTRIBUTES = (Public, ); }; };
		0F04A6441737C74800E53ED1 /* XPCollectionViewController.h in Headers */ = {isa = PBXBuildFile; fileRef = 0F04A63C1737C74800E53ED1 /* XPCollectionViewController.h */; settings = {ATTRIBUTES = (Public, ); }; };
		0F04A6451737C74800E53ED1 /* XPPhoto.h in Headers */ = {isa = PBXBuildFile; fileRef = 0F04A63D1737C74800E53ED1 /* XPPhoto.h */; settings = {ATTRIBUTES = (Public, ); }; };
		0F04A6461737C74800E53ED1 /* XPPhotoCollection.h in Headers */ = {isa = PBXBuildFile; fileRef = 0F04A63E1737C74800E53ED1 /* XPPhotoCollection.h */; settings = {ATTRIBUTES = (Public, ); }; };
		0F04A6471737C74800E53ED1 /* XPPhotoCollectionViewController.h in Headers */ = {isa = PBXBuildFile; fileRef = 0F04A63F1737C74800E53ED1 /* XPPhotoCollectionViewController.h */; settings = {ATTRIBUTES = (Public, ); }; };
		0F04A6481737C74800E53ED1 /* XPPhotoManager.h in Headers */ = {isa = PBXBuildFile; fileRef = 0F04A6401737C74800E53ED1 /* XPPhotoManager.h */; settings = {ATTRIBUTES = (Public, ); }; };
		0F04A6491737C74800E53ED1 /* XPPhotoController.h in Headers */ = {isa = PBXBuildFile; fileRef = 0F04A6411737C74800E53ED1 /* XPPhotoController.h */; settings = {ATTRIBUTES = (Public, ); }; };
		0F04A64A1737C74800E53ED1 /* XPPlugin.h in Headers */ = {isa = PBXBuildFile; fileRef = 0F04A6421737C74800E53ED1 /* XPPlugin.h */; settings = {ATTRIBUTES = (Public, ); }; };
		0F04A64F1737C77800E53ED1 /* Common.h in Headers */ = {isa = PBXBuildFile; fileRef = 0F04A64E1737C77800E53ED1 /* Common.h */; settings = {ATTRIBUTES = (Public, ); }; };
		0F04A6581737C7C300E53ED1 /* Cocoa.framework in Frameworks */ = {isa = PBXBuildFile; fileRef = 0F62BA65173673B200E661DD /* Cocoa.framework */; };
		0F04A65E1737C7C300E53ED1 /* InfoPlist.strings in Resources */ = {isa = PBXBuildFile; fileRef = 0F04A65C1737C7C300E53ED1 /* InfoPlist.strings */; };
		0F21E9D61737C9A10013B601 /* Finder.bundle in CopyFiles */ = {isa = PBXBuildFile; fileRef = 0F04A6571737C7C300E53ED1 /* Finder.bundle */; };
		0F243AAF1707EF630012149E /* NSWindow+FullScreen.m in Sources */ = {isa = PBXBuildFile; fileRef = 0F243AAE1707EF630012149E /* NSWindow+FullScreen.m */; };
		0F3001E2172250E800ACAF9E /* OPPhotoImageView.m in Sources */ = {isa = PBXBuildFile; fileRef = 0F3001E1172250E800ACAF9E /* OPPhotoImageView.m */; };
		0F368A6C170531B500411503 /* Quartz.framework in Frameworks */ = {isa = PBXBuildFile; fileRef = 0F368A6B170531B500411503 /* Quartz.framework */; };
		0F368A71170677A700411503 /* OPPhotoView.m in Sources */ = {isa = PBXBuildFile; fileRef = 0F368A70170677A700411503 /* OPPhotoView.m */; };
		0F368A74170678AC00411503 /* NSView+OptiqueBackground.m in Sources */ = {isa = PBXBuildFile; fileRef = 0F368A73170678AB00411503 /* NSView+OptiqueBackground.m */; };
		0F368A771706790600411503 /* OPEffectCollectionView.m in Sources */ = {isa = PBXBuildFile; fileRef = 0F368A761706790500411503 /* OPEffectCollectionView.m */; };
		0F368A7A17067C7500411503 /* OPEffectImageCell.m in Sources */ = {isa = PBXBuildFile; fileRef = 0F368A7917067C7400411503 /* OPEffectImageCell.m */; };
		0F368A7E170681F100411503 /* OPScrollView.m in Sources */ = {isa = PBXBuildFile; fileRef = 0F368A7D170681F100411503 /* OPScrollView.m */; };
		0F368A8717068F0500411503 /* OPWindow.m in Sources */ = {isa = PBXBuildFile; fileRef = 0F368A8617068F0500411503 /* OPWindow.m */; };
		0F368A8A17068F1B00411503 /* OPWindowContentView.m in Sources */ = {isa = PBXBuildFile; fileRef = 0F368A8917068F1A00411503 /* OPWindowContentView.m */; };
		0F3DF46D16F98D0D00C003D3 /* OPPhotoAlbum.m in Sources */ = {isa = PBXBuildFile; fileRef = 0F3DF46C16F98D0D00C003D3 /* OPPhotoAlbum.m */; };
		0F489934170BFFD60044ED0A /* OPImagePreviewService.m in Sources */ = {isa = PBXBuildFile; fileRef = 0F489933170BFFD60044ED0A /* OPImagePreviewService.m */; };
		0F489937170C00BA0044ED0A /* loading-preview.png in Resources */ = {isa = PBXBuildFile; fileRef = 0F489935170C00BA0044ED0A /* loading-preview.png */; };
		0F489938170C00BA0044ED0A /* loading-preview@2x.png in Resources */ = {isa = PBXBuildFile; fileRef = 0F489936170C00BA0044ED0A /* loading-preview@2x.png */; };
		0F5FE86317366CF900DF2356 /* XPPhotoManager.m in Sources */ = {isa = PBXBuildFile; fileRef = 0F5FE86217366CF900DF2356 /* XPPhotoManager.m */; };
		0F62BA66173673B200E661DD /* Cocoa.framework in Frameworks */ = {isa = PBXBuildFile; fileRef = 0F62BA65173673B200E661DD /* Cocoa.framework */; };
		0F66FD151728A49B00747AC7 /* OPTextLayer.m in Sources */ = {isa = PBXBuildFile; fileRef = 0F66FD141728A49B00747AC7 /* OPTextLayer.m */; };
		0F66FD181728A9EB00747AC7 /* window-top.png in Resources */ = {isa = PBXBuildFile; fileRef = 0F66FD161728A9EB00747AC7 /* window-top.png */; };
		0F66FD191728A9EB00747AC7 /* window-top@2x.png in Resources */ = {isa = PBXBuildFile; fileRef = 0F66FD171728A9EB00747AC7 /* window-top@2x.png */; };
		0F66FD211728FE3300747AC7 /* OPMainWindowContentView.m in Sources */ = {isa = PBXBuildFile; fileRef = 0F66FD201728FE3300747AC7 /* OPMainWindowContentView.m */; };
		0F6AEF851701C02200A797E4 /* OPMainWindowController.m in Sources */ = {isa = PBXBuildFile; fileRef = 0F6AEF831701C02200A797E4 /* OPMainWindowController.m */; };
		0F6AEF861701C02200A797E4 /* OPMainWindowController.xib in Resources */ = {isa = PBXBuildFile; fileRef = 0F6AEF841701C02200A797E4 /* OPMainWindowController.xib */; };
		0F6AF878172A3B0B0029724A /* OPCameraService.m in Sources */ = {isa = PBXBuildFile; fileRef = 0F6AF877172A3B0A0029724A /* OPCameraService.m */; };
		0F6AF87B172A3B220029724A /* ImageCaptureCore.framework in Frameworks */ = {isa = PBXBuildFile; fileRef = 0F6AF87A172A3B220029724A /* ImageCaptureCore.framework */; };
		0F6AF87F172A42750029724A /* OPCamera.m in Sources */ = {isa = PBXBuildFile; fileRef = 0F6AF87E172A42750029724A /* OPCamera.m */; };
		0F6D098A170FC5E3006268F1 /* OPEffectProcessedImageRef.m in Sources */ = {isa = PBXBuildFile; fileRef = 0F6D0989170FC5E3006268F1 /* OPEffectProcessedImageRef.m */; };
		0F705231170AB695001F8159 /* OPPhotoGridView.m in Sources */ = {isa = PBXBuildFile; fileRef = 0F705230170AB695001F8159 /* OPPhotoGridView.m */; };
		0F79818C17367EF000FBC7DC /* Sparkle.framework in CopyFiles */ = {isa = PBXBuildFile; fileRef = 0F976DFD17362F4F002C4C30 /* Sparkle.framework */; };
		0F8B71D4171AB9D8004D8082 /* NSImage+Transform.m in Sources */ = {isa = PBXBuildFile; fileRef = 0F8B71D3171AB9D8004D8082 /* NSImage+Transform.m */; };
		0F8B71D8171BA077004D8082 /* OPPhotoController.m in Sources */ = {isa = PBXBuildFile; fileRef = 0F8B71D6171BA077004D8082 /* OPPhotoController.m */; };
		0F8B71D9171BA077004D8082 /* OPPhotoController.xib in Resources */ = {isa = PBXBuildFile; fileRef = 0F8B71D7171BA077004D8082 /* OPPhotoController.xib */; };
		0F8C561A172CBB4B00CB7B1E /* OPCameraPhoto.m in Sources */ = {isa = PBXBuildFile; fileRef = 0F8C5619172CBB4B00CB7B1E /* OPCameraPhoto.m */; };
		0F8C561D172CC0D300CB7B1E /* OPLocalPhoto.m in Sources */ = {isa = PBXBuildFile; fileRef = 0F8C561C172CC0D300CB7B1E /* OPLocalPhoto.m */; };
		0F96270E170418EB007C1A86 /* OPPhotoViewController.m in Sources */ = {isa = PBXBuildFile; fileRef = 0F96270C170418EB007C1A86 /* OPPhotoViewController.m */; };
		0F96270F170418EB007C1A86 /* OPPhotoViewController.xib in Resources */ = {isa = PBXBuildFile; fileRef = 0F96270D170418EB007C1A86 /* OPPhotoViewController.xib */; };
		0F976DFE17362F4F002C4C30 /* Sparkle.framework in Frameworks */ = {isa = PBXBuildFile; fileRef = 0F976DFD17362F4F002C4C30 /* Sparkle.framework */; };
		0F9C80BE16F891C700B2B6D8 /* InfoPlist.strings in Resources */ = {isa = PBXBuildFile; fileRef = 0F9C80BC16F891C700B2B6D8 /* InfoPlist.strings */; };
		0F9C80C016F891C700B2B6D8 /* main.m in Sources */ = {isa = PBXBuildFile; fileRef = 0F9C80BF16F891C700B2B6D8 /* main.m */; };
		0F9C80C416F891C700B2B6D8 /* Credits.rtf in Resources */ = {isa = PBXBuildFile; fileRef = 0F9C80C216F891C700B2B6D8 /* Credits.rtf */; };
		0F9C80C716F891C700B2B6D8 /* OPAppDelegate.m in Sources */ = {isa = PBXBuildFile; fileRef = 0F9C80C616F891C700B2B6D8 /* OPAppDelegate.m */; };
		0F9C80CA16F891C700B2B6D8 /* MainMenu.xib in Resources */ = {isa = PBXBuildFile; fileRef = 0F9C80C816F891C700B2B6D8 /* MainMenu.xib */; };
		0FA706BE171911A200864CED /* OPPhotoGridItemView.m in Sources */ = {isa = PBXBuildFile; fileRef = 0FA706BD171911A200864CED /* OPPhotoGridItemView.m */; };
		0FA706C2171911B900864CED /* OPNewAlbumSheetController.m in Sources */ = {isa = PBXBuildFile; fileRef = 0FA706C0171911B900864CED /* OPNewAlbumSheetController.m */; };
		0FA706C3171911B900864CED /* OPNewAlbumSheetController.xib in Resources */ = {isa = PBXBuildFile; fileRef = 0FA706C1171911B900864CED /* OPNewAlbumSheetController.xib */; };
		0FA706C7171911CC00864CED /* OPDeleteAlbumSheetController.m in Sources */ = {isa = PBXBuildFile; fileRef = 0FA706C5171911CC00864CED /* OPDeleteAlbumSheetController.m */; };
		0FA706C8171911CC00864CED /* OPDeleteAlbumSheetController.xib in Resources */ = {isa = PBXBuildFile; fileRef = 0FA706C6171911CC00864CED /* OPDeleteAlbumSheetController.xib */; };
		0FA706CB171911F400864CED /* empty-album.png in Resources */ = {isa = PBXBuildFile; fileRef = 0FA706C9171911F400864CED /* empty-album.png */; };
		0FA706CC171911F400864CED /* empty-album@2x.png in Resources */ = {isa = PBXBuildFile; fileRef = 0FA706CA171911F400864CED /* empty-album@2x.png */; };
		0FB384CB17050B3200DEB770 /* OPAlbumScanner.m in Sources */ = {isa = PBXBuildFile; fileRef = 0FB384CA17050B3200DEB770 /* OPAlbumScanner.m */; };
		0FB94DD21735E31400065536 /* NSNotificationCenter+Async.m in Sources */ = {isa = PBXBuildFile; fileRef = 0FB94DD11735E31400065536 /* NSNotificationCenter+Async.m */; };
		0FC8A7A9170FD6E300650D7C /* OPImageEffectItemView.m in Sources */ = {isa = PBXBuildFile; fileRef = 0FC8A7A8170FD6E300650D7C /* OPImageEffectItemView.m */; };
		0FC8A7AC170FD76800650D7C /* OPImageEffectItem.m in Sources */ = {isa = PBXBuildFile; fileRef = 0FC8A7AB170FD76800650D7C /* OPImageEffectItem.m */; };
		0FC8A7B0170FD9E000650D7C /* NSImage+CGImage.m in Sources */ = {isa = PBXBuildFile; fileRef = 0FC8A7AF170FD9E000650D7C /* NSImage+CGImage.m */; };
		0FCA4D191737CC4A007DC9EF /* Exposure.framework in CopyFiles */ = {isa = PBXBuildFile; fileRef = 0F04A62C1737C70F00E53ED1 /* Exposure.framework */; };
		0FCA4D1C1737CE2C007DC9EF /* OPFinderPlugin.m in Sources */ = {isa = PBXBuildFile; fileRef = 0FCA4D1B1737CE2C007DC9EF /* OPFinderPlugin.m */; };
		0FCA4D291737D351007DC9EF /* OPExposureService.m in Sources */ = {isa = PBXBuildFile; fileRef = 0FCA4D271737D351007DC9EF /* OPExposureService.m */; };
		0FCA4D2E1737D7F0007DC9EF /* XPMenuItem.h in Headers */ = {isa = PBXBuildFile; fileRef = 0FCA4D2C1737D7F0007DC9EF /* XPMenuItem.h */; };
		0FCA4D2F1737D7F0007DC9EF /* XPMenuItem.m in Sources */ = {isa = PBXBuildFile; fileRef = 0FCA4D2D1737D7F0007DC9EF /* XPMenuItem.m */; };
		0FCA4D301737D84F007DC9EF /* Exposure.framework in Frameworks */ = {isa = PBXBuildFile; fileRef = 0F04A62C1737C70F00E53ED1 /* Exposure.framework */; };
		0FCA4D561738A272007DC9EF /* Cocoa.framework in Frameworks */ = {isa = PBXBuildFile; fileRef = 0F62BA65173673B200E661DD /* Cocoa.framework */; };
		0FCA4D5C1738A273007DC9EF /* InfoPlist.strings in Resources */ = {isa = PBXBuildFile; fileRef = 0FCA4D5A1738A272007DC9EF /* InfoPlist.strings */; };
		0FCA4D631738A27B007DC9EF /* Exposure.framework in Frameworks */ = {isa = PBXBuildFile; fileRef = 0F04A62C1737C70F00E53ED1 /* Exposure.framework */; };
		0FCA4D641738A282007DC9EF /* Social.framework in Frameworks */ = {isa = PBXBuildFile; fileRef = 0FCA4D4F173874C6007DC9EF /* Social.framework */; };
		0FCA4D651738A28F007DC9EF /* Facebook.bundle in CopyFiles */ = {isa = PBXBuildFile; fileRef = 0FCA4D551738A272007DC9EF /* Facebook.bundle */; };
		0FCA4D681738A2CE007DC9EF /* OPFacebookPlugin.m in Sources */ = {isa = PBXBuildFile; fileRef = 0FCA4D671738A2CE007DC9EF /* OPFacebookPlugin.m */; };
		0FCA4D6A1738DD87007DC9EF /* Optique.icns in Resources */ = {isa = PBXBuildFile; fileRef = 0FCA4D691738DD86007DC9EF /* Optique.icns */; };
		0FCAF8C91710461A00E6C903 /* effectsbarbg.png in Resources */ = {isa = PBXBuildFile; fileRef = 0FCAF8C71710461A00E6C903 /* effectsbarbg.png */; };
		0FCAF8CA1710461A00E6C903 /* effectsbarbg@2x.png in Resources */ = {isa = PBXBuildFile; fileRef = 0FCAF8C81710461A00E6C903 /* effectsbarbg@2x.png */; };
		0FCAF8CE17104C6E00E6C903 /* NSImage+DrawAtPointWithShadow.m in Sources */ = {isa = PBXBuildFile; fileRef = 0FCAF8CD17104C6E00E6C903 /* NSImage+DrawAtPointWithShadow.m */; };
		0FCE744F1714136B00A5AE79 /* NSObject+PerformBlock.m in Sources */ = {isa = PBXBuildFile; fileRef = 0FCE744E1714136B00A5AE79 /* NSObject+PerformBlock.m */; };
		0FCFCB0A170420AA0040FF11 /* NSImage+MGCropExtensions.m in Sources */ = {isa = PBXBuildFile; fileRef = 0FCFCB09170420AA0040FF11 /* NSImage+MGCropExtensions.m */; };
		0FCFCB1217043D180040FF11 /* OPImageCache.m in Sources */ = {isa = PBXBuildFile; fileRef = 0FCFCB1117043D180040FF11 /* OPImageCache.m */; };
		0FDE075817030FCC00D5B456 /* OPPhotoCollectionViewController.m in Sources */ = {isa = PBXBuildFile; fileRef = 0FDE075617030FCC00D5B456 /* OPPhotoCollectionViewController.m */; };
		0FDE075917030FCC00D5B456 /* OPPhotoCollectionViewController.xib in Resources */ = {isa = PBXBuildFile; fileRef = 0FDE075717030FCC00D5B456 /* OPPhotoCollectionViewController.xib */; };
		0FE3B2441702C62D00FC0D6C /* OPNavigationController.m in Sources */ = {isa = PBXBuildFile; fileRef = 0FE3B2421702C62D00FC0D6C /* OPNavigationController.m */; };
		0FE3B2451702C62D00FC0D6C /* OPNavigationController.xib in Resources */ = {isa = PBXBuildFile; fileRef = 0FE3B2431702C62D00FC0D6C /* OPNavigationController.xib */; };
		0FE3B2481702C69700FC0D6C /* OPNavigationTitle.m in Sources */ = {isa = PBXBuildFile; fileRef = 0FE3B2471702C69700FC0D6C /* OPNavigationTitle.m */; };
		0FE3B2531702D32F00FC0D6C /* buttonbg.png in Resources */ = {isa = PBXBuildFile; fileRef = 0FE3B2511702D32F00FC0D6C /* buttonbg.png */; };
		0FE3B2541702D32F00FC0D6C /* buttonbg@2x.png in Resources */ = {isa = PBXBuildFile; fileRef = 0FE3B2521702D32F00FC0D6C /* buttonbg@2x.png */; };
		0FE3B25A1702E05100FC0D6C /* OPNavigationViewController.m in Sources */ = {isa = PBXBuildFile; fileRef = 0FE3B2591702E05100FC0D6C /* OPNavigationViewController.m */; };
		0FE3B2621702F25500FC0D6C /* QuartzCore.framework in Frameworks */ = {isa = PBXBuildFile; fileRef = 0FE3B2611702F25500FC0D6C /* QuartzCore.framework */; };
		0FEC675717103B5E0086B264 /* effectsbarselectedbg.png in Resources */ = {isa = PBXBuildFile; fileRef = 0FEC675517103B5E0086B264 /* effectsbarselectedbg.png */; };
		0FEC675817103B5E0086B264 /* effectsbarselectedbg@2x.png in Resources */ = {isa = PBXBuildFile; fileRef = 0FEC675617103B5E0086B264 /* effectsbarselectedbg@2x.png */; };
		0FEF33A616FEC8090096D72A /* OPAlbumViewController.m in Sources */ = {isa = PBXBuildFile; fileRef = 0FEF33A416FEC8090096D72A /* OPAlbumViewController.m */; };
		0FEF33A716FEC8090096D72A /* OPAlbumViewController.xib in Resources */ = {isa = PBXBuildFile; fileRef = 0FEF33A516FEC8090096D72A /* OPAlbumViewController.xib */; };
		0FFE24B2172907AA00513AD2 /* back.png in Resources */ = {isa = PBXBuildFile; fileRef = 0FFE24B0172907AA00513AD2 /* back.png */; };
		0FFE24B61729206B00513AD2 /* back@2x.png in Resources */ = {isa = PBXBuildFile; fileRef = 0FFE24B51729206B00513AD2 /* back@2x.png */; };
		76AAAAFD273F4DD99BF0C8E7 /* libPods.a in Frameworks */ = {isa = PBXBuildFile; fileRef = E6B69E97783146C19C69AB43 /* libPods.a */; };
/* End PBXBuildFile section */

/* Begin PBXContainerItemProxy section */
		0F04A6631737C7DF00E53ED1 /* PBXContainerItemProxy */ = {
			isa = PBXContainerItemProxy;
			containerPortal = 0F9C80A816F891C700B2B6D8 /* Project object */;
			proxyType = 1;
			remoteGlobalIDString = 0F04A62B1737C70F00E53ED1;
			remoteInfo = Exposure;
		};
		0F21E9D21737C9780013B601 /* PBXContainerItemProxy */ = {
			isa = PBXContainerItemProxy;
			containerPortal = 0F9C80A816F891C700B2B6D8 /* Project object */;
			proxyType = 1;
			remoteGlobalIDString = 0F04A62B1737C70F00E53ED1;
			remoteInfo = Exposure;
		};
		0FCA4D171737CC38007DC9EF /* PBXContainerItemProxy */ = {
			isa = PBXContainerItemProxy;
			containerPortal = 0F9C80A816F891C700B2B6D8 /* Project object */;
			proxyType = 1;
			remoteGlobalIDString = 0F04A6561737C7C300E53ED1;
			remoteInfo = Finder;
		};
		0FCA4D611738A278007DC9EF /* PBXContainerItemProxy */ = {
			isa = PBXContainerItemProxy;
			containerPortal = 0F9C80A816F891C700B2B6D8 /* Project object */;
			proxyType = 1;
			remoteGlobalIDString = 0F04A62B1737C70F00E53ED1;
			remoteInfo = Exposure;
		};
/* End PBXContainerItemProxy section */

/* Begin PBXCopyFilesBuildPhase section */
		0F415C8E1737250E00CDE679 /* CopyFiles */ = {
			isa = PBXCopyFilesBuildPhase;
			buildActionMask = 2147483647;
			dstPath = "";
			dstSubfolderSpec = 13;
			files = (
				0FCA4D651738A28F007DC9EF /* Facebook.bundle in CopyFiles */,
				0F21E9D61737C9A10013B601 /* Finder.bundle in CopyFiles */,
			);
			runOnlyForDeploymentPostprocessing = 0;
		};
		0FB94DD51735F4D200065536 /* CopyFiles */ = {
			isa = PBXCopyFilesBuildPhase;
			buildActionMask = 2147483647;
			dstPath = "";
			dstSubfolderSpec = 10;
			files = (
				0FCA4D191737CC4A007DC9EF /* Exposure.framework in CopyFiles */,
				0F79818C17367EF000FBC7DC /* Sparkle.framework in CopyFiles */,
			);
			runOnlyForDeploymentPostprocessing = 0;
		};
/* End PBXCopyFilesBuildPhase section */

/* Begin PBXFileReference section */
		0F01F46E171F5D8C00579894 /* NSGraphicsContext+GraphicsContext.h */ = {isa = PBXFileReference; fileEncoding = 4; lastKnownFileType = sourcecode.c.h; path = "NSGraphicsContext+GraphicsContext.h"; sourceTree = "<group>"; };
		0F01F46F171F5D8C00579894 /* NSGraphicsContext+GraphicsContext.m */ = {isa = PBXFileReference; fileEncoding = 4; lastKnownFileType = sourcecode.c.objc; path = "NSGraphicsContext+GraphicsContext.m"; sourceTree = "<group>"; };
		0F04A5CA1737C43800E53ED1 /* AppKit.framework */ = {isa = PBXFileReference; lastKnownFileType = wrapper.framework; name = AppKit.framework; path = System/Library/Frameworks/AppKit.framework; sourceTree = SDKROOT; };
		0F04A5CB1737C43800E53ED1 /* CoreData.framework */ = {isa = PBXFileReference; lastKnownFileType = wrapper.framework; name = CoreData.framework; path = System/Library/Frameworks/CoreData.framework; sourceTree = SDKROOT; };
		0F04A5CC1737C43800E53ED1 /* Foundation.framework */ = {isa = PBXFileReference; lastKnownFileType = wrapper.framework; name = Foundation.framework; path = System/Library/Frameworks/Foundation.framework; sourceTree = SDKROOT; };
		0F04A62C1737C70F00E53ED1 /* Exposure.framework */ = {isa = PBXFileReference; explicitFileType = wrapper.framework; includeInIndex = 0; path = Exposure.framework; sourceTree = BUILT_PRODUCTS_DIR; };
		0F04A6301737C71000E53ED1 /* Exposure-Info.plist */ = {isa = PBXFileReference; lastKnownFileType = text.plist.xml; path = "Exposure-Info.plist"; sourceTree = "<group>"; };
		0F04A6321737C71000E53ED1 /* en */ = {isa = PBXFileReference; lastKnownFileType = text.plist.strings; name = en; path = en.lproj/InfoPlist.strings; sourceTree = "<group>"; };
		0F04A6341737C71000E53ED1 /* Exposure-Prefix.pch */ = {isa = PBXFileReference; lastKnownFileType = sourcecode.c.h; path = "Exposure-Prefix.pch"; sourceTree = "<group>"; };
		0F04A63B1737C74800E53ED1 /* Exposure.h */ = {isa = PBXFileReference; fileEncoding = 4; lastKnownFileType = sourcecode.c.h; name = Exposure.h; path = Exposure/Exposure.h; sourceTree = "<group>"; };
		0F04A63C1737C74800E53ED1 /* XPCollectionViewController.h */ = {isa = PBXFileReference; fileEncoding = 4; lastKnownFileType = sourcecode.c.h; name = XPCollectionViewController.h; path = Exposure/XPCollectionViewController.h; sourceTree = "<group>"; };
		0F04A63D1737C74800E53ED1 /* XPPhoto.h */ = {isa = PBXFileReference; fileEncoding = 4; lastKnownFileType = sourcecode.c.h; name = XPPhoto.h; path = Exposure/XPPhoto.h; sourceTree = "<group>"; };
		0F04A63E1737C74800E53ED1 /* XPPhotoCollection.h */ = {isa = PBXFileReference; fileEncoding = 4; lastKnownFileType = sourcecode.c.h; name = XPPhotoCollection.h; path = Exposure/XPPhotoCollection.h; sourceTree = "<group>"; };
		0F04A63F1737C74800E53ED1 /* XPPhotoCollectionViewController.h */ = {isa = PBXFileReference; fileEncoding = 4; lastKnownFileType = sourcecode.c.h; name = XPPhotoCollectionViewController.h; path = Exposure/XPPhotoCollectionViewController.h; sourceTree = "<group>"; };
		0F04A6401737C74800E53ED1 /* XPPhotoManager.h */ = {isa = PBXFileReference; fileEncoding = 4; lastKnownFileType = sourcecode.c.h; name = XPPhotoManager.h; path = Exposure/XPPhotoManager.h; sourceTree = "<group>"; };
		0F04A6411737C74800E53ED1 /* XPPhotoController.h */ = {isa = PBXFileReference; fileEncoding = 4; lastKnownFileType = sourcecode.c.h; name = XPPhotoController.h; path = Exposure/XPPhotoController.h; sourceTree = "<group>"; };
		0F04A6421737C74800E53ED1 /* XPPlugin.h */ = {isa = PBXFileReference; fileEncoding = 4; lastKnownFileType = sourcecode.c.h; name = XPPlugin.h; path = Exposure/XPPlugin.h; sourceTree = "<group>"; };
		0F04A64E1737C77800E53ED1 /* Common.h */ = {isa = PBXFileReference; fileEncoding = 4; lastKnownFileType = sourcecode.c.h; name = Common.h; path = Exposure/Common.h; sourceTree = "<group>"; };
		0F04A6571737C7C300E53ED1 /* Finder.bundle */ = {isa = PBXFileReference; explicitFileType = wrapper.cfbundle; includeInIndex = 0; path = Finder.bundle; sourceTree = BUILT_PRODUCTS_DIR; };
		0F04A65B1737C7C300E53ED1 /* Finder-Info.plist */ = {isa = PBXFileReference; lastKnownFileType = text.plist.xml; path = "Finder-Info.plist"; sourceTree = "<group>"; };
		0F04A65D1737C7C300E53ED1 /* en */ = {isa = PBXFileReference; lastKnownFileType = text.plist.strings; name = en; path = en.lproj/InfoPlist.strings; sourceTree = "<group>"; };
		0F04A65F1737C7C300E53ED1 /* Finder-Prefix.pch */ = {isa = PBXFileReference; lastKnownFileType = sourcecode.c.h; path = "Finder-Prefix.pch"; sourceTree = "<group>"; };
		0F243AAD1707EF630012149E /* NSWindow+FullScreen.h */ = {isa = PBXFileReference; fileEncoding = 4; lastKnownFileType = sourcecode.c.h; path = "NSWindow+FullScreen.h"; sourceTree = "<group>"; };
		0F243AAE1707EF630012149E /* NSWindow+FullScreen.m */ = {isa = PBXFileReference; fileEncoding = 4; lastKnownFileType = sourcecode.c.objc; path = "NSWindow+FullScreen.m"; sourceTree = "<group>"; };
		0F3001E0172250E800ACAF9E /* OPPhotoImageView.h */ = {isa = PBXFileReference; fileEncoding = 4; lastKnownFileType = sourcecode.c.h; path = OPPhotoImageView.h; sourceTree = "<group>"; };
		0F3001E1172250E800ACAF9E /* OPPhotoImageView.m */ = {isa = PBXFileReference; fileEncoding = 4; lastKnownFileType = sourcecode.c.objc; path = OPPhotoImageView.m; sourceTree = "<group>"; };
		0F368A6B170531B500411503 /* Quartz.framework */ = {isa = PBXFileReference; lastKnownFileType = wrapper.framework; name = Quartz.framework; path = System/Library/Frameworks/Quartz.framework; sourceTree = SDKROOT; };
		0F368A6F170677A700411503 /* OPPhotoView.h */ = {isa = PBXFileReference; fileEncoding = 4; lastKnownFileType = sourcecode.c.h; path = OPPhotoView.h; sourceTree = "<group>"; };
		0F368A70170677A700411503 /* OPPhotoView.m */ = {isa = PBXFileReference; fileEncoding = 4; lastKnownFileType = sourcecode.c.objc; path = OPPhotoView.m; sourceTree = "<group>"; };
		0F368A72170678AA00411503 /* NSView+OptiqueBackground.h */ = {isa = PBXFileReference; fileEncoding = 4; lastKnownFileType = sourcecode.c.h; path = "NSView+OptiqueBackground.h"; sourceTree = "<group>"; };
		0F368A73170678AB00411503 /* NSView+OptiqueBackground.m */ = {isa = PBXFileReference; fileEncoding = 4; lastKnownFileType = sourcecode.c.objc; path = "NSView+OptiqueBackground.m"; sourceTree = "<group>"; };
		0F368A751706790500411503 /* OPEffectCollectionView.h */ = {isa = PBXFileReference; fileEncoding = 4; lastKnownFileType = sourcecode.c.h; path = OPEffectCollectionView.h; sourceTree = "<group>"; };
		0F368A761706790500411503 /* OPEffectCollectionView.m */ = {isa = PBXFileReference; fileEncoding = 4; lastKnownFileType = sourcecode.c.objc; path = OPEffectCollectionView.m; sourceTree = "<group>"; };
		0F368A7817067C7300411503 /* OPEffectImageCell.h */ = {isa = PBXFileReference; fileEncoding = 4; lastKnownFileType = sourcecode.c.h; path = OPEffectImageCell.h; sourceTree = "<group>"; };
		0F368A7917067C7400411503 /* OPEffectImageCell.m */ = {isa = PBXFileReference; fileEncoding = 4; lastKnownFileType = sourcecode.c.objc; path = OPEffectImageCell.m; sourceTree = "<group>"; };
		0F368A7C170681F100411503 /* OPScrollView.h */ = {isa = PBXFileReference; fileEncoding = 4; lastKnownFileType = sourcecode.c.h; path = OPScrollView.h; sourceTree = "<group>"; };
		0F368A7D170681F100411503 /* OPScrollView.m */ = {isa = PBXFileReference; fileEncoding = 4; lastKnownFileType = sourcecode.c.objc; path = OPScrollView.m; sourceTree = "<group>"; };
		0F368A8517068F0400411503 /* OPWindow.h */ = {isa = PBXFileReference; fileEncoding = 4; lastKnownFileType = sourcecode.c.h; path = OPWindow.h; sourceTree = "<group>"; };
		0F368A8617068F0500411503 /* OPWindow.m */ = {isa = PBXFileReference; fileEncoding = 4; lastKnownFileType = sourcecode.c.objc; path = OPWindow.m; sourceTree = "<group>"; };
		0F368A8817068F1A00411503 /* OPWindowContentView.h */ = {isa = PBXFileReference; fileEncoding = 4; lastKnownFileType = sourcecode.c.h; path = OPWindowContentView.h; sourceTree = "<group>"; };
		0F368A8917068F1A00411503 /* OPWindowContentView.m */ = {isa = PBXFileReference; fileEncoding = 4; lastKnownFileType = sourcecode.c.objc; path = OPWindowContentView.m; sourceTree = "<group>"; };
		0F3DF46B16F98D0D00C003D3 /* OPPhotoAlbum.h */ = {isa = PBXFileReference; fileEncoding = 4; lastKnownFileType = sourcecode.c.h; path = OPPhotoAlbum.h; sourceTree = "<group>"; };
		0F3DF46C16F98D0D00C003D3 /* OPPhotoAlbum.m */ = {isa = PBXFileReference; fileEncoding = 4; lastKnownFileType = sourcecode.c.objc; path = OPPhotoAlbum.m; sourceTree = "<group>"; };
		0F489932170BFFD60044ED0A /* OPImagePreviewService.h */ = {isa = PBXFileReference; fileEncoding = 4; lastKnownFileType = sourcecode.c.h; path = OPImagePreviewService.h; sourceTree = "<group>"; };
		0F489933170BFFD60044ED0A /* OPImagePreviewService.m */ = {isa = PBXFileReference; fileEncoding = 4; lastKnownFileType = sourcecode.c.objc; path = OPImagePreviewService.m; sourceTree = "<group>"; };
		0F489935170C00BA0044ED0A /* loading-preview.png */ = {isa = PBXFileReference; lastKnownFileType = image.png; path = "loading-preview.png"; sourceTree = "<group>"; };
		0F489936170C00BA0044ED0A /* loading-preview@2x.png */ = {isa = PBXFileReference; lastKnownFileType = image.png; path = "loading-preview@2x.png"; sourceTree = "<group>"; };
		0F5FE86217366CF900DF2356 /* XPPhotoManager.m */ = {isa = PBXFileReference; fileEncoding = 4; lastKnownFileType = sourcecode.c.objc; path = XPPhotoManager.m; sourceTree = "<group>"; };
		0F62BA65173673B200E661DD /* Cocoa.framework */ = {isa = PBXFileReference; lastKnownFileType = wrapper.framework; name = Cocoa.framework; path = System/Library/Frameworks/Cocoa.framework; sourceTree = SDKROOT; };
		0F66FD131728A49B00747AC7 /* OPTextLayer.h */ = {isa = PBXFileReference; fileEncoding = 4; lastKnownFileType = sourcecode.c.h; path = OPTextLayer.h; sourceTree = "<group>"; };
		0F66FD141728A49B00747AC7 /* OPTextLayer.m */ = {isa = PBXFileReference; fileEncoding = 4; lastKnownFileType = sourcecode.c.objc; path = OPTextLayer.m; sourceTree = "<group>"; };
		0F66FD161728A9EB00747AC7 /* window-top.png */ = {isa = PBXFileReference; lastKnownFileType = image.png; path = "window-top.png"; sourceTree = "<group>"; };
		0F66FD171728A9EB00747AC7 /* window-top@2x.png */ = {isa = PBXFileReference; lastKnownFileType = image.png; path = "window-top@2x.png"; sourceTree = "<group>"; };
		0F66FD1E1728FB0600747AC7 /* OPNavigationControllerDelegate.h */ = {isa = PBXFileReference; lastKnownFileType = sourcecode.c.h; path = OPNavigationControllerDelegate.h; sourceTree = "<group>"; };
		0F66FD1F1728FE3300747AC7 /* OPMainWindowContentView.h */ = {isa = PBXFileReference; fileEncoding = 4; lastKnownFileType = sourcecode.c.h; path = OPMainWindowContentView.h; sourceTree = "<group>"; };
		0F66FD201728FE3300747AC7 /* OPMainWindowContentView.m */ = {isa = PBXFileReference; fileEncoding = 4; lastKnownFileType = sourcecode.c.objc; path = OPMainWindowContentView.m; sourceTree = "<group>"; };
		0F6AEF821701C02200A797E4 /* OPMainWindowController.h */ = {isa = PBXFileReference; fileEncoding = 4; lastKnownFileType = sourcecode.c.h; path = OPMainWindowController.h; sourceTree = "<group>"; };
		0F6AEF831701C02200A797E4 /* OPMainWindowController.m */ = {isa = PBXFileReference; fileEncoding = 4; lastKnownFileType = sourcecode.c.objc; path = OPMainWindowController.m; sourceTree = "<group>"; };
		0F6AEF841701C02200A797E4 /* OPMainWindowController.xib */ = {isa = PBXFileReference; fileEncoding = 4; lastKnownFileType = file.xib; path = OPMainWindowController.xib; sourceTree = "<group>"; };
		0F6AF876172A3B0A0029724A /* OPCameraService.h */ = {isa = PBXFileReference; fileEncoding = 4; lastKnownFileType = sourcecode.c.h; path = OPCameraService.h; sourceTree = "<group>"; };
		0F6AF877172A3B0A0029724A /* OPCameraService.m */ = {isa = PBXFileReference; fileEncoding = 4; lastKnownFileType = sourcecode.c.objc; path = OPCameraService.m; sourceTree = "<group>"; };
		0F6AF87A172A3B220029724A /* ImageCaptureCore.framework */ = {isa = PBXFileReference; lastKnownFileType = wrapper.framework; name = ImageCaptureCore.framework; path = System/Library/Frameworks/ImageCaptureCore.framework; sourceTree = SDKROOT; };
		0F6AF87D172A42750029724A /* OPCamera.h */ = {isa = PBXFileReference; fileEncoding = 4; lastKnownFileType = sourcecode.c.h; path = OPCamera.h; sourceTree = "<group>"; };
		0F6AF87E172A42750029724A /* OPCamera.m */ = {isa = PBXFileReference; fileEncoding = 4; lastKnownFileType = sourcecode.c.objc; path = OPCamera.m; sourceTree = "<group>"; };
		0F6D0988170FC5E3006268F1 /* OPEffectProcessedImageRef.h */ = {isa = PBXFileReference; fileEncoding = 4; lastKnownFileType = sourcecode.c.h; path = OPEffectProcessedImageRef.h; sourceTree = "<group>"; };
		0F6D0989170FC5E3006268F1 /* OPEffectProcessedImageRef.m */ = {isa = PBXFileReference; fileEncoding = 4; lastKnownFileType = sourcecode.c.objc; path = OPEffectProcessedImageRef.m; sourceTree = "<group>"; };
		0F70522F170AB695001F8159 /* OPPhotoGridView.h */ = {isa = PBXFileReference; fileEncoding = 4; lastKnownFileType = sourcecode.c.h; path = OPPhotoGridView.h; sourceTree = "<group>"; };
		0F705230170AB695001F8159 /* OPPhotoGridView.m */ = {isa = PBXFileReference; fileEncoding = 4; lastKnownFileType = sourcecode.c.objc; path = OPPhotoGridView.m; sourceTree = "<group>"; };
		0F8B71D2171AB9D8004D8082 /* NSImage+Transform.h */ = {isa = PBXFileReference; fileEncoding = 4; lastKnownFileType = sourcecode.c.h; path = "NSImage+Transform.h"; sourceTree = "<group>"; };
		0F8B71D3171AB9D8004D8082 /* NSImage+Transform.m */ = {isa = PBXFileReference; fileEncoding = 4; lastKnownFileType = sourcecode.c.objc; path = "NSImage+Transform.m"; sourceTree = "<group>"; };
		0F8B71D5171BA077004D8082 /* OPPhotoController.h */ = {isa = PBXFileReference; fileEncoding = 4; lastKnownFileType = sourcecode.c.h; path = OPPhotoController.h; sourceTree = "<group>"; };
		0F8B71D6171BA077004D8082 /* OPPhotoController.m */ = {isa = PBXFileReference; fileEncoding = 4; lastKnownFileType = sourcecode.c.objc; path = OPPhotoController.m; sourceTree = "<group>"; };
		0F8B71D7171BA077004D8082 /* OPPhotoController.xib */ = {isa = PBXFileReference; fileEncoding = 4; lastKnownFileType = file.xib; path = OPPhotoController.xib; sourceTree = "<group>"; };
		0F8C5618172CBB4B00CB7B1E /* OPCameraPhoto.h */ = {isa = PBXFileReference; fileEncoding = 4; lastKnownFileType = sourcecode.c.h; path = OPCameraPhoto.h; sourceTree = "<group>"; };
		0F8C5619172CBB4B00CB7B1E /* OPCameraPhoto.m */ = {isa = PBXFileReference; fileEncoding = 4; lastKnownFileType = sourcecode.c.objc; path = OPCameraPhoto.m; sourceTree = "<group>"; };
		0F8C561B172CC0D300CB7B1E /* OPLocalPhoto.h */ = {isa = PBXFileReference; fileEncoding = 4; lastKnownFileType = sourcecode.c.h; path = OPLocalPhoto.h; sourceTree = "<group>"; };
		0F8C561C172CC0D300CB7B1E /* OPLocalPhoto.m */ = {isa = PBXFileReference; fileEncoding = 4; lastKnownFileType = sourcecode.c.objc; path = OPLocalPhoto.m; sourceTree = "<group>"; };
		0F96270B170418EB007C1A86 /* OPPhotoViewController.h */ = {isa = PBXFileReference; fileEncoding = 4; lastKnownFileType = sourcecode.c.h; path = OPPhotoViewController.h; sourceTree = "<group>"; };
		0F96270C170418EB007C1A86 /* OPPhotoViewController.m */ = {isa = PBXFileReference; fileEncoding = 4; lastKnownFileType = sourcecode.c.objc; path = OPPhotoViewController.m; sourceTree = "<group>"; };
		0F96270D170418EB007C1A86 /* OPPhotoViewController.xib */ = {isa = PBXFileReference; fileEncoding = 4; lastKnownFileType = file.xib; path = OPPhotoViewController.xib; sourceTree = "<group>"; };
		0F976DFD17362F4F002C4C30 /* Sparkle.framework */ = {isa = PBXFileReference; lastKnownFileType = wrapper.framework; name = Sparkle.framework; path = Frameworks/Sparkle.framework; sourceTree = "<group>"; };
		0F9C80B016F891C700B2B6D8 /* Optique.app */ = {isa = PBXFileReference; explicitFileType = wrapper.application; includeInIndex = 0; path = Optique.app; sourceTree = BUILT_PRODUCTS_DIR; };
		0F9C80B616F891C700B2B6D8 /* AppKit.framework */ = {isa = PBXFileReference; lastKnownFileType = wrapper.framework; name = AppKit.framework; path = System/Library/Frameworks/AppKit.framework; sourceTree = SDKROOT; };
		0F9C80B816F891C700B2B6D8 /* Foundation.framework */ = {isa = PBXFileReference; lastKnownFileType = wrapper.framework; name = Foundation.framework; path = System/Library/Frameworks/Foundation.framework; sourceTree = SDKROOT; };
		0F9C80BB16F891C700B2B6D8 /* Optique-Info.plist */ = {isa = PBXFileReference; lastKnownFileType = text.plist.xml; path = "Optique-Info.plist"; sourceTree = "<group>"; };
		0F9C80BD16F891C700B2B6D8 /* en */ = {isa = PBXFileReference; lastKnownFileType = text.plist.strings; name = en; path = en.lproj/InfoPlist.strings; sourceTree = "<group>"; };
		0F9C80BF16F891C700B2B6D8 /* main.m */ = {isa = PBXFileReference; lastKnownFileType = sourcecode.c.objc; path = main.m; sourceTree = "<group>"; };
		0F9C80C116F891C700B2B6D8 /* Optique-Prefix.pch */ = {isa = PBXFileReference; lastKnownFileType = sourcecode.c.h; path = "Optique-Prefix.pch"; sourceTree = "<group>"; };
		0F9C80C316F891C700B2B6D8 /* en */ = {isa = PBXFileReference; lastKnownFileType = text.rtf; name = en; path = en.lproj/Credits.rtf; sourceTree = "<group>"; };
		0F9C80C516F891C700B2B6D8 /* OPAppDelegate.h */ = {isa = PBXFileReference; lastKnownFileType = sourcecode.c.h; path = OPAppDelegate.h; sourceTree = "<group>"; };
		0F9C80C616F891C700B2B6D8 /* OPAppDelegate.m */ = {isa = PBXFileReference; lastKnownFileType = sourcecode.c.objc; path = OPAppDelegate.m; sourceTree = "<group>"; };
		0F9C80C916F891C700B2B6D8 /* en */ = {isa = PBXFileReference; lastKnownFileType = file.xib; name = en; path = en.lproj/MainMenu.xib; sourceTree = "<group>"; };
		0FA706BC171911A200864CED /* OPPhotoGridItemView.h */ = {isa = PBXFileReference; fileEncoding = 4; lastKnownFileType = sourcecode.c.h; path = OPPhotoGridItemView.h; sourceTree = "<group>"; };
		0FA706BD171911A200864CED /* OPPhotoGridItemView.m */ = {isa = PBXFileReference; fileEncoding = 4; lastKnownFileType = sourcecode.c.objc; path = OPPhotoGridItemView.m; sourceTree = "<group>"; };
		0FA706BF171911B900864CED /* OPNewAlbumSheetController.h */ = {isa = PBXFileReference; fileEncoding = 4; lastKnownFileType = sourcecode.c.h; name = OPNewAlbumSheetController.h; path = Optique/OPNewAlbumSheetController.h; sourceTree = "<group>"; };
		0FA706C0171911B900864CED /* OPNewAlbumSheetController.m */ = {isa = PBXFileReference; fileEncoding = 4; lastKnownFileType = sourcecode.c.objc; name = OPNewAlbumSheetController.m; path = Optique/OPNewAlbumSheetController.m; sourceTree = "<group>"; };
		0FA706C1171911B900864CED /* OPNewAlbumSheetController.xib */ = {isa = PBXFileReference; fileEncoding = 4; lastKnownFileType = file.xib; name = OPNewAlbumSheetController.xib; path = Optique/OPNewAlbumSheetController.xib; sourceTree = "<group>"; };
		0FA706C4171911CC00864CED /* OPDeleteAlbumSheetController.h */ = {isa = PBXFileReference; fileEncoding = 4; lastKnownFileType = sourcecode.c.h; name = OPDeleteAlbumSheetController.h; path = Optique/OPDeleteAlbumSheetController.h; sourceTree = "<group>"; };
		0FA706C5171911CC00864CED /* OPDeleteAlbumSheetController.m */ = {isa = PBXFileReference; fileEncoding = 4; lastKnownFileType = sourcecode.c.objc; name = OPDeleteAlbumSheetController.m; path = Optique/OPDeleteAlbumSheetController.m; sourceTree = "<group>"; };
		0FA706C6171911CC00864CED /* OPDeleteAlbumSheetController.xib */ = {isa = PBXFileReference; fileEncoding = 4; lastKnownFileType = file.xib; name = OPDeleteAlbumSheetController.xib; path = Optique/OPDeleteAlbumSheetController.xib; sourceTree = "<group>"; };
		0FA706C9171911F400864CED /* empty-album.png */ = {isa = PBXFileReference; lastKnownFileType = image.png; path = "empty-album.png"; sourceTree = "<group>"; };
		0FA706CA171911F400864CED /* empty-album@2x.png */ = {isa = PBXFileReference; lastKnownFileType = image.png; path = "empty-album@2x.png"; sourceTree = "<group>"; };
		0FB384C917050B3200DEB770 /* OPAlbumScanner.h */ = {isa = PBXFileReference; fileEncoding = 4; lastKnownFileType = sourcecode.c.h; path = OPAlbumScanner.h; sourceTree = "<group>"; };
		0FB384CA17050B3200DEB770 /* OPAlbumScanner.m */ = {isa = PBXFileReference; fileEncoding = 4; lastKnownFileType = sourcecode.c.objc; path = OPAlbumScanner.m; sourceTree = "<group>"; };
		0FB94DD01735E31400065536 /* NSNotificationCenter+Async.h */ = {isa = PBXFileReference; fileEncoding = 4; lastKnownFileType = sourcecode.c.h; path = "NSNotificationCenter+Async.h"; sourceTree = "<group>"; };
		0FB94DD11735E31400065536 /* NSNotificationCenter+Async.m */ = {isa = PBXFileReference; fileEncoding = 4; lastKnownFileType = sourcecode.c.objc; path = "NSNotificationCenter+Async.m"; sourceTree = "<group>"; };
		0FC8A7A7170FD6E300650D7C /* OPImageEffectItemView.h */ = {isa = PBXFileReference; fileEncoding = 4; lastKnownFileType = sourcecode.c.h; path = OPImageEffectItemView.h; sourceTree = "<group>"; };
		0FC8A7A8170FD6E300650D7C /* OPImageEffectItemView.m */ = {isa = PBXFileReference; fileEncoding = 4; lastKnownFileType = sourcecode.c.objc; path = OPImageEffectItemView.m; sourceTree = "<group>"; };
		0FC8A7AA170FD76800650D7C /* OPImageEffectItem.h */ = {isa = PBXFileReference; fileEncoding = 4; lastKnownFileType = sourcecode.c.h; path = OPImageEffectItem.h; sourceTree = "<group>"; };
		0FC8A7AB170FD76800650D7C /* OPImageEffectItem.m */ = {isa = PBXFileReference; fileEncoding = 4; lastKnownFileType = sourcecode.c.objc; path = OPImageEffectItem.m; sourceTree = "<group>"; };
		0FC8A7AE170FD9E000650D7C /* NSImage+CGImage.h */ = {isa = PBXFileReference; fileEncoding = 4; lastKnownFileType = sourcecode.c.h; path = "NSImage+CGImage.h"; sourceTree = "<group>"; };
		0FC8A7AF170FD9E000650D7C /* NSImage+CGImage.m */ = {isa = PBXFileReference; fileEncoding = 4; lastKnownFileType = sourcecode.c.objc; path = "NSImage+CGImage.m"; sourceTree = "<group>"; };
		0FCA4D1A1737CE2C007DC9EF /* OPFinderPlugin.h */ = {isa = PBXFileReference; fileEncoding = 4; lastKnownFileType = sourcecode.c.h; path = OPFinderPlugin.h; sourceTree = "<group>"; };
		0FCA4D1B1737CE2C007DC9EF /* OPFinderPlugin.m */ = {isa = PBXFileReference; fileEncoding = 4; lastKnownFileType = sourcecode.c.objc; path = OPFinderPlugin.m; sourceTree = "<group>"; };
		0FCA4D271737D351007DC9EF /* OPExposureService.m */ = {isa = PBXFileReference; fileEncoding = 4; lastKnownFileType = sourcecode.c.objc; path = OPExposureService.m; sourceTree = "<group>"; };
		0FCA4D281737D351007DC9EF /* OPExposureService.h */ = {isa = PBXFileReference; fileEncoding = 4; lastKnownFileType = sourcecode.c.h; path = OPExposureService.h; sourceTree = "<group>"; };
		0FCA4D2C1737D7F0007DC9EF /* XPMenuItem.h */ = {isa = PBXFileReference; fileEncoding = 4; lastKnownFileType = sourcecode.c.h; path = XPMenuItem.h; sourceTree = "<group>"; };
		0FCA4D2D1737D7F0007DC9EF /* XPMenuItem.m */ = {isa = PBXFileReference; fileEncoding = 4; lastKnownFileType = sourcecode.c.objc; path = XPMenuItem.m; sourceTree = "<group>"; };
		0FCA4D4F173874C6007DC9EF /* Social.framework */ = {isa = PBXFileReference; lastKnownFileType = wrapper.framework; name = Social.framework; path = System/Library/Frameworks/Social.framework; sourceTree = SDKROOT; };
		0FCA4D551738A272007DC9EF /* Facebook.bundle */ = {isa = PBXFileReference; explicitFileType = wrapper.cfbundle; includeInIndex = 0; path = Facebook.bundle; sourceTree = BUILT_PRODUCTS_DIR; };
		0FCA4D591738A272007DC9EF /* Facebook-Info.plist */ = {isa = PBXFileReference; lastKnownFileType = text.plist.xml; path = "Facebook-Info.plist"; sourceTree = "<group>"; };
		0FCA4D5B1738A272007DC9EF /* en */ = {isa = PBXFileReference; lastKnownFileType = text.plist.strings; name = en; path = en.lproj/InfoPlist.strings; sourceTree = "<group>"; };
		0FCA4D5D1738A273007DC9EF /* Facebook-Prefix.pch */ = {isa = PBXFileReference; lastKnownFileType = sourcecode.c.h; path = "Facebook-Prefix.pch"; sourceTree = "<group>"; };
		0FCA4D661738A2CE007DC9EF /* OPFacebookPlugin.h */ = {isa = PBXFileReference; fileEncoding = 4; lastKnownFileType = sourcecode.c.h; path = OPFacebookPlugin.h; sourceTree = "<group>"; };
		0FCA4D671738A2CE007DC9EF /* OPFacebookPlugin.m */ = {isa = PBXFileReference; fileEncoding = 4; lastKnownFileType = sourcecode.c.objc; path = OPFacebookPlugin.m; sourceTree = "<group>"; };
		0FCA4D691738DD86007DC9EF /* Optique.icns */ = {isa = PBXFileReference; lastKnownFileType = image.icns; path = Optique.icns; sourceTree = "<group>"; };
		0FCAF8C71710461A00E6C903 /* effectsbarbg.png */ = {isa = PBXFileReference; lastKnownFileType = image.png; path = effectsbarbg.png; sourceTree = "<group>"; };
		0FCAF8C81710461A00E6C903 /* effectsbarbg@2x.png */ = {isa = PBXFileReference; lastKnownFileType = image.png; path = "effectsbarbg@2x.png"; sourceTree = "<group>"; };
		0FCAF8CC17104C6E00E6C903 /* NSImage+DrawAtPointWithShadow.h */ = {isa = PBXFileReference; fileEncoding = 4; lastKnownFileType = sourcecode.c.h; path = "NSImage+DrawAtPointWithShadow.h"; sourceTree = "<group>"; };
		0FCAF8CD17104C6E00E6C903 /* NSImage+DrawAtPointWithShadow.m */ = {isa = PBXFileReference; fileEncoding = 4; lastKnownFileType = sourcecode.c.objc; path = "NSImage+DrawAtPointWithShadow.m"; sourceTree = "<group>"; };
		0FCE744D1714136B00A5AE79 /* NSObject+PerformBlock.h */ = {isa = PBXFileReference; fileEncoding = 4; lastKnownFileType = sourcecode.c.h; path = "NSObject+PerformBlock.h"; sourceTree = "<group>"; };
		0FCE744E1714136B00A5AE79 /* NSObject+PerformBlock.m */ = {isa = PBXFileReference; fileEncoding = 4; lastKnownFileType = sourcecode.c.objc; path = "NSObject+PerformBlock.m"; sourceTree = "<group>"; };
		0FCFCB08170420AA0040FF11 /* NSImage+MGCropExtensions.h */ = {isa = PBXFileReference; fileEncoding = 4; lastKnownFileType = sourcecode.c.h; path = "NSImage+MGCropExtensions.h"; sourceTree = "<group>"; };
		0FCFCB09170420AA0040FF11 /* NSImage+MGCropExtensions.m */ = {isa = PBXFileReference; fileEncoding = 4; lastKnownFileType = sourcecode.c.objc; path = "NSImage+MGCropExtensions.m"; sourceTree = "<group>"; };
		0FCFCB1017043D180040FF11 /* OPImageCache.h */ = {isa = PBXFileReference; fileEncoding = 4; lastKnownFileType = sourcecode.c.h; path = OPImageCache.h; sourceTree = "<group>"; };
		0FCFCB1117043D180040FF11 /* OPImageCache.m */ = {isa = PBXFileReference; fileEncoding = 4; lastKnownFileType = sourcecode.c.objc; path = OPImageCache.m; sourceTree = "<group>"; };
		0FDE075517030FCC00D5B456 /* OPPhotoCollectionViewController.h */ = {isa = PBXFileReference; fileEncoding = 4; lastKnownFileType = sourcecode.c.h; path = OPPhotoCollectionViewController.h; sourceTree = "<group>"; };
		0FDE075617030FCC00D5B456 /* OPPhotoCollectionViewController.m */ = {isa = PBXFileReference; fileEncoding = 4; lastKnownFileType = sourcecode.c.objc; path = OPPhotoCollectionViewController.m; sourceTree = "<group>"; };
		0FDE075717030FCC00D5B456 /* OPPhotoCollectionViewController.xib */ = {isa = PBXFileReference; fileEncoding = 4; lastKnownFileType = file.xib; path = OPPhotoCollectionViewController.xib; sourceTree = "<group>"; };
		0FE3B2411702C62D00FC0D6C /* OPNavigationController.h */ = {isa = PBXFileReference; fileEncoding = 4; lastKnownFileType = sourcecode.c.h; path = OPNavigationController.h; sourceTree = "<group>"; };
		0FE3B2421702C62D00FC0D6C /* OPNavigationController.m */ = {isa = PBXFileReference; fileEncoding = 4; lastKnownFileType = sourcecode.c.objc; path = OPNavigationController.m; sourceTree = "<group>"; };
		0FE3B2431702C62D00FC0D6C /* OPNavigationController.xib */ = {isa = PBXFileReference; fileEncoding = 4; lastKnownFileType = file.xib; path = OPNavigationController.xib; sourceTree = "<group>"; };
		0FE3B2461702C69700FC0D6C /* OPNavigationTitle.h */ = {isa = PBXFileReference; fileEncoding = 4; lastKnownFileType = sourcecode.c.h; path = OPNavigationTitle.h; sourceTree = "<group>"; };
		0FE3B2471702C69700FC0D6C /* OPNavigationTitle.m */ = {isa = PBXFileReference; fileEncoding = 4; lastKnownFileType = sourcecode.c.objc; path = OPNavigationTitle.m; sourceTree = "<group>"; };
		0FE3B2511702D32F00FC0D6C /* buttonbg.png */ = {isa = PBXFileReference; lastKnownFileType = image.png; path = buttonbg.png; sourceTree = "<group>"; };
		0FE3B2521702D32F00FC0D6C /* buttonbg@2x.png */ = {isa = PBXFileReference; lastKnownFileType = image.png; path = "buttonbg@2x.png"; sourceTree = "<group>"; };
		0FE3B2581702E05100FC0D6C /* OPNavigationViewController.h */ = {isa = PBXFileReference; fileEncoding = 4; lastKnownFileType = sourcecode.c.h; path = OPNavigationViewController.h; sourceTree = "<group>"; };
		0FE3B2591702E05100FC0D6C /* OPNavigationViewController.m */ = {isa = PBXFileReference; fileEncoding = 4; lastKnownFileType = sourcecode.c.objc; path = OPNavigationViewController.m; sourceTree = "<group>"; };
		0FE3B2611702F25500FC0D6C /* QuartzCore.framework */ = {isa = PBXFileReference; lastKnownFileType = wrapper.framework; name = QuartzCore.framework; path = System/Library/Frameworks/QuartzCore.framework; sourceTree = SDKROOT; };
		0FEC675517103B5E0086B264 /* effectsbarselectedbg.png */ = {isa = PBXFileReference; lastKnownFileType = image.png; path = effectsbarselectedbg.png; sourceTree = "<group>"; };
		0FEC675617103B5E0086B264 /* effectsbarselectedbg@2x.png */ = {isa = PBXFileReference; lastKnownFileType = image.png; path = "effectsbarselectedbg@2x.png"; sourceTree = "<group>"; };
		0FEF33A316FEC8090096D72A /* OPAlbumViewController.h */ = {isa = PBXFileReference; fileEncoding = 4; lastKnownFileType = sourcecode.c.h; name = OPAlbumViewController.h; path = Optique/OPAlbumViewController.h; sourceTree = "<group>"; };
		0FEF33A416FEC8090096D72A /* OPAlbumViewController.m */ = {isa = PBXFileReference; fileEncoding = 4; lastKnownFileType = sourcecode.c.objc; name = OPAlbumViewController.m; path = Optique/OPAlbumViewController.m; sourceTree = "<group>"; };
		0FEF33A516FEC8090096D72A /* OPAlbumViewController.xib */ = {isa = PBXFileReference; fileEncoding = 4; lastKnownFileType = file.xib; name = OPAlbumViewController.xib; path = Optique/OPAlbumViewController.xib; sourceTree = "<group>"; };
		0FFE24B0172907AA00513AD2 /* back.png */ = {isa = PBXFileReference; lastKnownFileType = image.png; path = back.png; sourceTree = "<group>"; };
		0FFE24B51729206B00513AD2 /* back@2x.png */ = {isa = PBXFileReference; lastKnownFileType = image.png; path = "back@2x.png"; sourceTree = "<group>"; };
		1915239F645F4207934EB0EC /* Pods.xcconfig */ = {isa = PBXFileReference; includeInIndex = 1; lastKnownFileType = text.xcconfig; name = Pods.xcconfig; path = Pods/Pods.xcconfig; sourceTree = SOURCE_ROOT; };
		E6B69E97783146C19C69AB43 /* libPods.a */ = {isa = PBXFileReference; explicitFileType = archive.ar; includeInIndex = 0; path = libPods.a; sourceTree = BUILT_PRODUCTS_DIR; };
/* End PBXFileReference section */

/* Begin PBXFrameworksBuildPhase section */
		0F04A6281737C70F00E53ED1 /* Frameworks */ = {
			isa = PBXFrameworksBuildPhase;
			buildActionMask = 2147483647;
			files = (
				0F04A62D1737C71000E53ED1 /* Cocoa.framework in Frameworks */,
			);
			runOnlyForDeploymentPostprocessing = 0;
		};
		0F04A6541737C7C300E53ED1 /* Frameworks */ = {
			isa = PBXFrameworksBuildPhase;
			buildActionMask = 2147483647;
			files = (
				0FCA4D301737D84F007DC9EF /* Exposure.framework in Frameworks */,
				0F04A6581737C7C300E53ED1 /* Cocoa.framework in Frameworks */,
			);
			runOnlyForDeploymentPostprocessing = 0;
		};
		0F9C80AD16F891C700B2B6D8 /* Frameworks */ = {
			isa = PBXFrameworksBuildPhase;
			buildActionMask = 2147483647;
			files = (
				0F62BA66173673B200E661DD /* Cocoa.framework in Frameworks */,
				0F6AF87B172A3B220029724A /* ImageCaptureCore.framework in Frameworks */,
				0F368A6C170531B500411503 /* Quartz.framework in Frameworks */,
				0FE3B2621702F25500FC0D6C /* QuartzCore.framework in Frameworks */,
				76AAAAFD273F4DD99BF0C8E7 /* libPods.a in Frameworks */,
				0F976DFE17362F4F002C4C30 /* Sparkle.framework in Frameworks */,
			);
			runOnlyForDeploymentPostprocessing = 0;
		};
		0FCA4D521738A272007DC9EF /* Frameworks */ = {
			isa = PBXFrameworksBuildPhase;
			buildActionMask = 2147483647;
			files = (
				0FCA4D641738A282007DC9EF /* Social.framework in Frameworks */,
				0FCA4D631738A27B007DC9EF /* Exposure.framework in Frameworks */,
				0FCA4D561738A272007DC9EF /* Cocoa.framework in Frameworks */,
			);
			runOnlyForDeploymentPostprocessing = 0;
		};
/* End PBXFrameworksBuildPhase section */

/* Begin PBXGroup section */
		0F04A5C91737C43800E53ED1 /* Other Frameworks */ = {
			isa = PBXGroup;
			children = (
				0F04A5CA1737C43800E53ED1 /* AppKit.framework */,
				0F04A5CB1737C43800E53ED1 /* CoreData.framework */,
				0F04A5CC1737C43800E53ED1 /* Foundation.framework */,
			);
			name = "Other Frameworks";
			sourceTree = "<group>";
		};
		0F04A62E1737C71000E53ED1 /* Exposure */ = {
			isa = PBXGroup;
			children = (
				0FCA4D2B1737D7D4007DC9EF /* Headers */,
				0F04A62F1737C71000E53ED1 /* Supporting Files */,
			);
			path = Exposure;
			sourceTree = "<group>";
		};
		0F04A62F1737C71000E53ED1 /* Supporting Files */ = {
			isa = PBXGroup;
			children = (
				0F04A64E1737C77800E53ED1 /* Common.h */,
				0F04A6301737C71000E53ED1 /* Exposure-Info.plist */,
				0F04A6311737C71000E53ED1 /* InfoPlist.strings */,
				0F04A6341737C71000E53ED1 /* Exposure-Prefix.pch */,
			);
			name = "Supporting Files";
			sourceTree = "<group>";
		};
		0F04A6591737C7C300E53ED1 /* Finder */ = {
			isa = PBXGroup;
			children = (
				0F04A65A1737C7C300E53ED1 /* Supporting Files */,
				0FCA4D1A1737CE2C007DC9EF /* OPFinderPlugin.h */,
				0FCA4D1B1737CE2C007DC9EF /* OPFinderPlugin.m */,
			);
			path = Finder;
			sourceTree = "<group>";
		};
		0F04A65A1737C7C300E53ED1 /* Supporting Files */ = {
			isa = PBXGroup;
			children = (
				0F04A65B1737C7C300E53ED1 /* Finder-Info.plist */,
				0F04A65C1737C7C300E53ED1 /* InfoPlist.strings */,
				0F04A65F1737C7C300E53ED1 /* Finder-Prefix.pch */,
			);
			name = "Supporting Files";
			sourceTree = "<group>";
		};
		0F368A671705128700411503 /* Album Scanner */ = {
			isa = PBXGroup;
			children = (
				0FB384C917050B3200DEB770 /* OPAlbumScanner.h */,
				0FB384CA17050B3200DEB770 /* OPAlbumScanner.m */,
			);
			name = "Album Scanner";
			sourceTree = "<group>";
		};
		0F368A7B170680DF00411503 /* Custom Views */ = {
			isa = PBXGroup;
			children = (
				0F705232170AC2AF001F8159 /* Photo Grid */,
				0F368A7C170681F100411503 /* OPScrollView.h */,
				0F368A7D170681F100411503 /* OPScrollView.m */,
				0F368A8517068F0400411503 /* OPWindow.h */,
				0F368A8617068F0500411503 /* OPWindow.m */,
				0F368A8817068F1A00411503 /* OPWindowContentView.h */,
				0F368A8917068F1A00411503 /* OPWindowContentView.m */,
			);
			name = "Custom Views";
			sourceTree = "<group>";
		};
		0F6AF879172A3B130029724A /* Camera capture */ = {
			isa = PBXGroup;
			children = (
				0F6AF876172A3B0A0029724A /* OPCameraService.h */,
				0F6AF877172A3B0A0029724A /* OPCameraService.m */,
				0F6AF87D172A42750029724A /* OPCamera.h */,
				0F6AF87E172A42750029724A /* OPCamera.m */,
				0F8C5618172CBB4B00CB7B1E /* OPCameraPhoto.h */,
				0F8C5619172CBB4B00CB7B1E /* OPCameraPhoto.m */,
			);
			name = "Camera capture";
			sourceTree = "<group>";
		};
		0F6D0982170FBEA1006268F1 /* Image effects */ = {
			isa = PBXGroup;
			children = (
				0F368A7817067C7300411503 /* OPEffectImageCell.h */,
				0F368A7917067C7400411503 /* OPEffectImageCell.m */,
				0F368A751706790500411503 /* OPEffectCollectionView.h */,
				0F368A761706790500411503 /* OPEffectCollectionView.m */,
				0F6D0988170FC5E3006268F1 /* OPEffectProcessedImageRef.h */,
				0F6D0989170FC5E3006268F1 /* OPEffectProcessedImageRef.m */,
				0FC8A7A7170FD6E300650D7C /* OPImageEffectItemView.h */,
				0FC8A7A8170FD6E300650D7C /* OPImageEffectItemView.m */,
				0FC8A7AA170FD76800650D7C /* OPImageEffectItem.h */,
				0FC8A7AB170FD76800650D7C /* OPImageEffectItem.m */,
			);
			name = "Image effects";
			sourceTree = "<group>";
		};
		0F705232170AC2AF001F8159 /* Photo Grid */ = {
			isa = PBXGroup;
			children = (
				0F66FD131728A49B00747AC7 /* OPTextLayer.h */,
				0F66FD141728A49B00747AC7 /* OPTextLayer.m */,
				0FA706BC171911A200864CED /* OPPhotoGridItemView.h */,
				0FA706BD171911A200864CED /* OPPhotoGridItemView.m */,
				0F70522F170AB695001F8159 /* OPPhotoGridView.h */,
				0F705230170AB695001F8159 /* OPPhotoGridView.m */,
			);
			name = "Photo Grid";
			sourceTree = "<group>";
		};
		0F8C561E172CC46D00CB7B1E /* Local photos */ = {
			isa = PBXGroup;
			children = (
				0F3DF46B16F98D0D00C003D3 /* OPPhotoAlbum.h */,
				0F3DF46C16F98D0D00C003D3 /* OPPhotoAlbum.m */,
				0F8C561B172CC0D300CB7B1E /* OPLocalPhoto.h */,
				0F8C561C172CC0D300CB7B1E /* OPLocalPhoto.m */,
			);
			name = "Local photos";
			sourceTree = "<group>";
		};
		0F962710170418F4007C1A86 /* Photo View */ = {
			isa = PBXGroup;
			children = (
				0F6D0982170FBEA1006268F1 /* Image effects */,
				0F96270B170418EB007C1A86 /* OPPhotoViewController.h */,
				0F96270C170418EB007C1A86 /* OPPhotoViewController.m */,
				0F96270D170418EB007C1A86 /* OPPhotoViewController.xib */,
				0F368A6F170677A700411503 /* OPPhotoView.h */,
				0F368A70170677A700411503 /* OPPhotoView.m */,
				0F8B71D5171BA077004D8082 /* OPPhotoController.h */,
				0F8B71D6171BA077004D8082 /* OPPhotoController.m */,
				0F8B71D7171BA077004D8082 /* OPPhotoController.xib */,
				0F3001E0172250E800ACAF9E /* OPPhotoImageView.h */,
				0F3001E1172250E800ACAF9E /* OPPhotoImageView.m */,
			);
			name = "Photo View";
			sourceTree = "<group>";
		};
		0F97164917048737001835DC /* Image Previews */ = {
			isa = PBXGroup;
			children = (
				0F489932170BFFD60044ED0A /* OPImagePreviewService.h */,
				0F489933170BFFD60044ED0A /* OPImagePreviewService.m */,
				0FCFCB1017043D180040FF11 /* OPImageCache.h */,
				0FCFCB1117043D180040FF11 /* OPImageCache.m */,
			);
			name = "Image Previews";
			sourceTree = "<group>";
		};
		0F9C80A716F891C700B2B6D8 = {
			isa = PBXGroup;
			children = (
				0FCA4D691738DD86007DC9EF /* Optique.icns */,
				0F9C80B916F891C700B2B6D8 /* Optique */,
				0F04A62E1737C71000E53ED1 /* Exposure */,
				0FCA4D1D1737CE8C007DC9EF /* Exposures */,
				0F9C80B216F891C700B2B6D8 /* Frameworks */,
				0F9C80B116F891C700B2B6D8 /* Products */,
				1915239F645F4207934EB0EC /* Pods.xcconfig */,
			);
			sourceTree = "<group>";
		};
		0F9C80B116F891C700B2B6D8 /* Products */ = {
			isa = PBXGroup;
			children = (
				0F9C80B016F891C700B2B6D8 /* Optique.app */,
				0F04A62C1737C70F00E53ED1 /* Exposure.framework */,
				0F04A6571737C7C300E53ED1 /* Finder.bundle */,
				0FCA4D551738A272007DC9EF /* Facebook.bundle */,
			);
			name = Products;
			sourceTree = "<group>";
		};
		0F9C80B216F891C700B2B6D8 /* Frameworks */ = {
			isa = PBXGroup;
			children = (
				0FCA4D4F173874C6007DC9EF /* Social.framework */,
				0F62BA65173673B200E661DD /* Cocoa.framework */,
				0F976DFD17362F4F002C4C30 /* Sparkle.framework */,
				0F9C80B616F891C700B2B6D8 /* AppKit.framework */,
				0F9C80B816F891C700B2B6D8 /* Foundation.framework */,
				0F6AF87A172A3B220029724A /* ImageCaptureCore.framework */,
				0F368A6B170531B500411503 /* Quartz.framework */,
				0FE3B2611702F25500FC0D6C /* QuartzCore.framework */,
				E6B69E97783146C19C69AB43 /* libPods.a */,
				0F04A5C91737C43800E53ED1 /* Other Frameworks */,
			);
			name = Frameworks;
			sourceTree = "<group>";
		};
		0F9C80B916F891C700B2B6D8 /* Optique */ = {
			isa = PBXGroup;
			children = (
				0F9C80C516F891C700B2B6D8 /* OPAppDelegate.h */,
				0F9C80C616F891C700B2B6D8 /* OPAppDelegate.m */,
				0F9C80C816F891C700B2B6D8 /* MainMenu.xib */,
				0FE3B2401702C61000FC0D6C /* Navigation Controller */,
				0FEF33A216FEC6500096D72A /* Main Window */,
				0FEF33A016FEC6350096D72A /* Album View */,
				0FDE075A170317AE00D5B456 /* Photo Collection View */,
				0F962710170418F4007C1A86 /* Photo View */,
				0FEF33A116FEC6420096D72A /* Model */,
				0F6AF879172A3B130029724A /* Camera capture */,
				0F368A671705128700411503 /* Album Scanner */,
				0F97164917048737001835DC /* Image Previews */,
				0F368A7B170680DF00411503 /* Custom Views */,
				0FCA4D2A1737D355007DC9EF /* Exposure service */,
				0FEC674E171034C20086B264 /* Categories */,
				0F9C80BA16F891C700B2B6D8 /* Supporting Files */,
			);
			path = Optique;
			sourceTree = "<group>";
		};
		0F9C80BA16F891C700B2B6D8 /* Supporting Files */ = {
			isa = PBXGroup;
			children = (
				0FEC674F171034E00086B264 /* Image resources */,
				0F9C80BB16F891C700B2B6D8 /* Optique-Info.plist */,
				0F9C80BC16F891C700B2B6D8 /* InfoPlist.strings */,
				0F9C80BF16F891C700B2B6D8 /* main.m */,
				0F9C80C116F891C700B2B6D8 /* Optique-Prefix.pch */,
				0F9C80C216F891C700B2B6D8 /* Credits.rtf */,
			);
			name = "Supporting Files";
			sourceTree = "<group>";
		};
		0FCA4D1D1737CE8C007DC9EF /* Exposures */ = {
			isa = PBXGroup;
			children = (
				0FCA4D571738A272007DC9EF /* Facebook */,
				0F04A6591737C7C300E53ED1 /* Finder */,
			);
			name = Exposures;
			sourceTree = "<group>";
		};
		0FCA4D2A1737D355007DC9EF /* Exposure service */ = {
			isa = PBXGroup;
			children = (
				0FCA4D281737D351007DC9EF /* OPExposureService.h */,
				0FCA4D271737D351007DC9EF /* OPExposureService.m */,
			);
			name = "Exposure service";
			sourceTree = "<group>";
		};
		0FCA4D2B1737D7D4007DC9EF /* Headers */ = {
			isa = PBXGroup;
			children = (
				0F04A63B1737C74800E53ED1 /* Exposure.h */,
				0F04A6421737C74800E53ED1 /* XPPlugin.h */,
				0FCA4D321737D89B007DC9EF /* Model */,
				0FCA4D331737D8C4007DC9EF /* Classes */,
				0FCA4D311737D88B007DC9EF /* Controllers */,
			);
			name = Headers;
			sourceTree = "<group>";
		};
		0FCA4D311737D88B007DC9EF /* Controllers */ = {
			isa = PBXGroup;
			children = (
				0F04A63C1737C74800E53ED1 /* XPCollectionViewController.h */,
				0F04A63F1737C74800E53ED1 /* XPPhotoCollectionViewController.h */,
				0F04A6411737C74800E53ED1 /* XPPhotoController.h */,
			);
			name = Controllers;
			sourceTree = "<group>";
		};
		0FCA4D321737D89B007DC9EF /* Model */ = {
			isa = PBXGroup;
			children = (
				0F04A63D1737C74800E53ED1 /* XPPhoto.h */,
				0F04A6401737C74800E53ED1 /* XPPhotoManager.h */,
				0F04A63E1737C74800E53ED1 /* XPPhotoCollection.h */,
			);
			name = Model;
			sourceTree = "<group>";
		};
		0FCA4D331737D8C4007DC9EF /* Classes */ = {
			isa = PBXGroup;
			children = (
				0FCA4D2C1737D7F0007DC9EF /* XPMenuItem.h */,
				0FCA4D2D1737D7F0007DC9EF /* XPMenuItem.m */,
			);
			name = Classes;
			sourceTree = "<group>";
		};
		0FCA4D571738A272007DC9EF /* Facebook */ = {
			isa = PBXGroup;
			children = (
				0FCA4D581738A272007DC9EF /* Supporting Files */,
				0FCA4D661738A2CE007DC9EF /* OPFacebookPlugin.h */,
				0FCA4D671738A2CE007DC9EF /* OPFacebookPlugin.m */,
			);
			path = Facebook;
			sourceTree = "<group>";
		};
		0FCA4D581738A272007DC9EF /* Supporting Files */ = {
			isa = PBXGroup;
			children = (
				0FCA4D591738A272007DC9EF /* Facebook-Info.plist */,
				0FCA4D5A1738A272007DC9EF /* InfoPlist.strings */,
				0FCA4D5D1738A273007DC9EF /* Facebook-Prefix.pch */,
			);
			name = "Supporting Files";
			sourceTree = "<group>";
		};
		0FCB492C17161E0800FB4229 /* New Album sheet */ = {
			isa = PBXGroup;
			children = (
				0FA706BF171911B900864CED /* OPNewAlbumSheetController.h */,
				0FA706C0171911B900864CED /* OPNewAlbumSheetController.m */,
				0FA706C1171911B900864CED /* OPNewAlbumSheetController.xib */,
			);
			name = "New Album sheet";
			sourceTree = "<group>";
		};
		0FCB492D17161E1300FB4229 /* Delete Album sheet */ = {
			isa = PBXGroup;
			children = (
				0FA706C4171911CC00864CED /* OPDeleteAlbumSheetController.h */,
				0FA706C5171911CC00864CED /* OPDeleteAlbumSheetController.m */,
				0FA706C6171911CC00864CED /* OPDeleteAlbumSheetController.xib */,
			);
			name = "Delete Album sheet";
			sourceTree = "<group>";
		};
		0FDE075A170317AE00D5B456 /* Photo Collection View */ = {
			isa = PBXGroup;
			children = (
				0FDE075517030FCC00D5B456 /* OPPhotoCollectionViewController.h */,
				0FDE075617030FCC00D5B456 /* OPPhotoCollectionViewController.m */,
				0FDE075717030FCC00D5B456 /* OPPhotoCollectionViewController.xib */,
			);
			name = "Photo Collection View";
			sourceTree = "<group>";
		};
		0FE3B2401702C61000FC0D6C /* Navigation Controller */ = {
			isa = PBXGroup;
			children = (
				0FE3B2411702C62D00FC0D6C /* OPNavigationController.h */,
				0FE3B2421702C62D00FC0D6C /* OPNavigationController.m */,
				0F66FD1E1728FB0600747AC7 /* OPNavigationControllerDelegate.h */,
				0FE3B2581702E05100FC0D6C /* OPNavigationViewController.h */,
				0FE3B2591702E05100FC0D6C /* OPNavigationViewController.m */,
				0FE3B2431702C62D00FC0D6C /* OPNavigationController.xib */,
				0FEC6751171035290086B264 /* Navigation bar */,
			);
			name = "Navigation Controller";
			sourceTree = "<group>";
		};
		0FEC674E171034C20086B264 /* Categories */ = {
			isa = PBXGroup;
			children = (
				0F8B71D2171AB9D8004D8082 /* NSImage+Transform.h */,
				0F8B71D3171AB9D8004D8082 /* NSImage+Transform.m */,
				0FCAF8CC17104C6E00E6C903 /* NSImage+DrawAtPointWithShadow.h */,
				0FCAF8CD17104C6E00E6C903 /* NSImage+DrawAtPointWithShadow.m */,
				0FCFCB08170420AA0040FF11 /* NSImage+MGCropExtensions.h */,
				0FCFCB09170420AA0040FF11 /* NSImage+MGCropExtensions.m */,
				0F368A72170678AA00411503 /* NSView+OptiqueBackground.h */,
				0F368A73170678AB00411503 /* NSView+OptiqueBackground.m */,
				0F243AAD1707EF630012149E /* NSWindow+FullScreen.h */,
				0F243AAE1707EF630012149E /* NSWindow+FullScreen.m */,
				0FC8A7AE170FD9E000650D7C /* NSImage+CGImage.h */,
				0FC8A7AF170FD9E000650D7C /* NSImage+CGImage.m */,
				0FCE744D1714136B00A5AE79 /* NSObject+PerformBlock.h */,
				0FCE744E1714136B00A5AE79 /* NSObject+PerformBlock.m */,
				0F01F46E171F5D8C00579894 /* NSGraphicsContext+GraphicsContext.h */,
				0F01F46F171F5D8C00579894 /* NSGraphicsContext+GraphicsContext.m */,
				0FB94DD01735E31400065536 /* NSNotificationCenter+Async.h */,
				0FB94DD11735E31400065536 /* NSNotificationCenter+Async.m */,
			);
			name = Categories;
			sourceTree = "<group>";
		};
		0FEC674F171034E00086B264 /* Image resources */ = {
			isa = PBXGroup;
			children = (
				0FFE24B0172907AA00513AD2 /* back.png */,
				0FFE24B51729206B00513AD2 /* back@2x.png */,
				0F66FD161728A9EB00747AC7 /* window-top.png */,
				0F66FD171728A9EB00747AC7 /* window-top@2x.png */,
				0FA706C9171911F400864CED /* empty-album.png */,
				0FA706CA171911F400864CED /* empty-album@2x.png */,
				0FCAF8C71710461A00E6C903 /* effectsbarbg.png */,
				0FCAF8C81710461A00E6C903 /* effectsbarbg@2x.png */,
				0FEC675517103B5E0086B264 /* effectsbarselectedbg.png */,
				0FEC675617103B5E0086B264 /* effectsbarselectedbg@2x.png */,
				0F489935170C00BA0044ED0A /* loading-preview.png */,
				0F489936170C00BA0044ED0A /* loading-preview@2x.png */,
				0FE3B2511702D32F00FC0D6C /* buttonbg.png */,
				0FE3B2521702D32F00FC0D6C /* buttonbg@2x.png */,
			);
			name = "Image resources";
			sourceTree = "<group>";
		};
		0FEC6751171035290086B264 /* Navigation bar */ = {
			isa = PBXGroup;
			children = (
				0FE3B2461702C69700FC0D6C /* OPNavigationTitle.h */,
				0FE3B2471702C69700FC0D6C /* OPNavigationTitle.m */,
			);
			name = "Navigation bar";
			sourceTree = "<group>";
		};
		0FEF33A016FEC6350096D72A /* Album View */ = {
			isa = PBXGroup;
			children = (
				0FEF33A316FEC8090096D72A /* OPAlbumViewController.h */,
				0FEF33A416FEC8090096D72A /* OPAlbumViewController.m */,
				0FEF33A516FEC8090096D72A /* OPAlbumViewController.xib */,
				0FCB492C17161E0800FB4229 /* New Album sheet */,
				0FCB492D17161E1300FB4229 /* Delete Album sheet */,
			);
			name = "Album View";
			path = ..;
			sourceTree = "<group>";
		};
		0FEF33A116FEC6420096D72A /* Model */ = {
			isa = PBXGroup;
			children = (
				0F5FE86217366CF900DF2356 /* XPPhotoManager.m */,
				0F8C561E172CC46D00CB7B1E /* Local photos */,
			);
			name = Model;
			sourceTree = "<group>";
		};
		0FEF33A216FEC6500096D72A /* Main Window */ = {
			isa = PBXGroup;
			children = (
				0F6AEF821701C02200A797E4 /* OPMainWindowController.h */,
				0F6AEF831701C02200A797E4 /* OPMainWindowController.m */,
				0F6AEF841701C02200A797E4 /* OPMainWindowController.xib */,
				0F66FD1F1728FE3300747AC7 /* OPMainWindowContentView.h */,
				0F66FD201728FE3300747AC7 /* OPMainWindowContentView.m */,
			);
			name = "Main Window";
			sourceTree = "<group>";
		};
/* End PBXGroup section */

/* Begin PBXHeadersBuildPhase section */
		0F04A6291737C70F00E53ED1 /* Headers */ = {
			isa = PBXHeadersBuildPhase;
			buildActionMask = 2147483647;
			files = (
				0F04A6431737C74800E53ED1 /* Exposure.h in Headers */,
				0F04A6441737C74800E53ED1 /* XPCollectionViewController.h in Headers */,
				0F04A6451737C74800E53ED1 /* XPPhoto.h in Headers */,
				0F04A6461737C74800E53ED1 /* XPPhotoCollection.h in Headers */,
				0F04A6471737C74800E53ED1 /* XPPhotoCollectionViewController.h in Headers */,
				0F04A6481737C74800E53ED1 /* XPPhotoManager.h in Headers */,
				0F04A6491737C74800E53ED1 /* XPPhotoController.h in Headers */,
				0F04A64A1737C74800E53ED1 /* XPPlugin.h in Headers */,
				0F04A64F1737C77800E53ED1 /* Common.h in Headers */,
				0FCA4D2E1737D7F0007DC9EF /* XPMenuItem.h in Headers */,
			);
			runOnlyForDeploymentPostprocessing = 0;
		};
/* End PBXHeadersBuildPhase section */

/* Begin PBXNativeTarget section */
		0F04A62B1737C70F00E53ED1 /* Exposure */ = {
			isa = PBXNativeTarget;
			buildConfigurationList = 0F04A6381737C71000E53ED1 /* Build configuration list for PBXNativeTarget "Exposure" */;
			buildPhases = (
				0F04A6271737C70F00E53ED1 /* Sources */,
				0F04A6281737C70F00E53ED1 /* Frameworks */,
				0F04A6291737C70F00E53ED1 /* Headers */,
				0F04A62A1737C70F00E53ED1 /* Resources */,
			);
			buildRules = (
			);
			dependencies = (
			);
			name = Exposure;
			productName = Exposure;
			productReference = 0F04A62C1737C70F00E53ED1 /* Exposure.framework */;
			productType = "com.apple.product-type.framework";
		};
		0F04A6561737C7C300E53ED1 /* Finder */ = {
			isa = PBXNativeTarget;
			buildConfigurationList = 0F04A6601737C7C300E53ED1 /* Build configuration list for PBXNativeTarget "Finder" */;
			buildPhases = (
				0F04A6531737C7C300E53ED1 /* Sources */,
				0F04A6541737C7C300E53ED1 /* Frameworks */,
				0F04A6551737C7C300E53ED1 /* Resources */,
			);
			buildRules = (
			);
			dependencies = (
				0F04A6641737C7DF00E53ED1 /* PBXTargetDependency */,
			);
			name = Finder;
			productName = Finder;
			productReference = 0F04A6571737C7C300E53ED1 /* Finder.bundle */;
			productType = "com.apple.product-type.bundle";
		};
		0F9C80AF16F891C700B2B6D8 /* Optique */ = {
			isa = PBXNativeTarget;
			buildConfigurationList = 0F9C80CD16F891C700B2B6D8 /* Build configuration list for PBXNativeTarget "Optique" */;
			buildPhases = (
				0F9C80AC16F891C700B2B6D8 /* Sources */,
				0F9C80AD16F891C700B2B6D8 /* Frameworks */,
				0F9C80AE16F891C700B2B6D8 /* Resources */,
				764F0ACCDB4C4803BB106785 /* Copy Pods Resources */,
				0FB94DD51735F4D200065536 /* CopyFiles */,
				0F415C8E1737250E00CDE679 /* CopyFiles */,
			);
			buildRules = (
			);
			dependencies = (
				0FCA4D181737CC38007DC9EF /* PBXTargetDependency */,
				0F21E9D31737C9780013B601 /* PBXTargetDependency */,
			);
			name = Optique;
			productName = Optique;
			productReference = 0F9C80B016F891C700B2B6D8 /* Optique.app */;
			productType = "com.apple.product-type.application";
		};
		0FCA4D541738A272007DC9EF /* Facebook */ = {
			isa = PBXNativeTarget;
			buildConfigurationList = 0FCA4D5E1738A273007DC9EF /* Build configuration list for PBXNativeTarget "Facebook" */;
			buildPhases = (
				0FCA4D511738A272007DC9EF /* Sources */,
				0FCA4D521738A272007DC9EF /* Frameworks */,
				0FCA4D531738A272007DC9EF /* Resources */,
			);
			buildRules = (
			);
			dependencies = (
				0FCA4D621738A278007DC9EF /* PBXTargetDependency */,
			);
			name = Facebook;
			productName = Facebook;
			productReference = 0FCA4D551738A272007DC9EF /* Facebook.bundle */;
			productType = "com.apple.product-type.bundle";
		};
/* End PBXNativeTarget section */

/* Begin PBXProject section */
		0F9C80A816F891C700B2B6D8 /* Project object */ = {
			isa = PBXProject;
			attributes = {
				CLASSPREFIX = OP;
				LastUpgradeCheck = 0460;
				ORGANIZATIONNAME = "James Dumay";
			};
			buildConfigurationList = 0F9C80AB16F891C700B2B6D8 /* Build configuration list for PBXProject "Optique" */;
			compatibilityVersion = "Xcode 3.2";
			developmentRegion = English;
			hasScannedForEncodings = 0;
			knownRegions = (
				en,
			);
			mainGroup = 0F9C80A716F891C700B2B6D8;
			productRefGroup = 0F9C80B116F891C700B2B6D8 /* Products */;
			projectDirPath = "";
			projectRoot = "";
			targets = (
				0F9C80AF16F891C700B2B6D8 /* Optique */,
				0F04A62B1737C70F00E53ED1 /* Exposure */,
				0F04A6561737C7C300E53ED1 /* Finder */,
				0FCA4D541738A272007DC9EF /* Facebook */,
			);
		};
/* End PBXProject section */

/* Begin PBXResourcesBuildPhase section */
		0F04A62A1737C70F00E53ED1 /* Resources */ = {
			isa = PBXResourcesBuildPhase;
			buildActionMask = 2147483647;
			files = (
				0F04A6331737C71000E53ED1 /* InfoPlist.strings in Resources */,
			);
			runOnlyForDeploymentPostprocessing = 0;
		};
		0F04A6551737C7C300E53ED1 /* Resources */ = {
			isa = PBXResourcesBuildPhase;
			buildActionMask = 2147483647;
			files = (
				0F04A65E1737C7C300E53ED1 /* InfoPlist.strings in Resources */,
			);
			runOnlyForDeploymentPostprocessing = 0;
		};
		0F9C80AE16F891C700B2B6D8 /* Resources */ = {
			isa = PBXResourcesBuildPhase;
			buildActionMask = 2147483647;
			files = (
				0F9C80BE16F891C700B2B6D8 /* InfoPlist.strings in Resources */,
				0F9C80C416F891C700B2B6D8 /* Credits.rtf in Resources */,
				0F9C80CA16F891C700B2B6D8 /* MainMenu.xib in Resources */,
				0FEF33A716FEC8090096D72A /* OPAlbumViewController.xib in Resources */,
				0F6AEF861701C02200A797E4 /* OPMainWindowController.xib in Resources */,
				0FE3B2451702C62D00FC0D6C /* OPNavigationController.xib in Resources */,
				0FE3B2531702D32F00FC0D6C /* buttonbg.png in Resources */,
				0FE3B2541702D32F00FC0D6C /* buttonbg@2x.png in Resources */,
				0FDE075917030FCC00D5B456 /* OPPhotoCollectionViewController.xib in Resources */,
				0F96270F170418EB007C1A86 /* OPPhotoViewController.xib in Resources */,
				0F489937170C00BA0044ED0A /* loading-preview.png in Resources */,
				0F489938170C00BA0044ED0A /* loading-preview@2x.png in Resources */,
				0FEC675717103B5E0086B264 /* effectsbarselectedbg.png in Resources */,
				0FEC675817103B5E0086B264 /* effectsbarselectedbg@2x.png in Resources */,
				0FCAF8C91710461A00E6C903 /* effectsbarbg.png in Resources */,
				0FCAF8CA1710461A00E6C903 /* effectsbarbg@2x.png in Resources */,
				0FA706C3171911B900864CED /* OPNewAlbumSheetController.xib in Resources */,
				0FA706C8171911CC00864CED /* OPDeleteAlbumSheetController.xib in Resources */,
				0FA706CB171911F400864CED /* empty-album.png in Resources */,
				0FA706CC171911F400864CED /* empty-album@2x.png in Resources */,
				0F8B71D9171BA077004D8082 /* OPPhotoController.xib in Resources */,
				0F66FD181728A9EB00747AC7 /* window-top.png in Resources */,
				0F66FD191728A9EB00747AC7 /* window-top@2x.png in Resources */,
				0FFE24B2172907AA00513AD2 /* back.png in Resources */,
				0FFE24B61729206B00513AD2 /* back@2x.png in Resources */,
				0FCA4D6A1738DD87007DC9EF /* Optique.icns in Resources */,
			);
			runOnlyForDeploymentPostprocessing = 0;
		};
		0FCA4D531738A272007DC9EF /* Resources */ = {
			isa = PBXResourcesBuildPhase;
			buildActionMask = 2147483647;
			files = (
				0FCA4D5C1738A273007DC9EF /* InfoPlist.strings in Resources */,
			);
			runOnlyForDeploymentPostprocessing = 0;
		};
/* End PBXResourcesBuildPhase section */

/* Begin PBXShellScriptBuildPhase section */
		764F0ACCDB4C4803BB106785 /* Copy Pods Resources */ = {
			isa = PBXShellScriptBuildPhase;
			buildActionMask = 2147483647;
			files = (
			);
			inputPaths = (
			);
			name = "Copy Pods Resources";
			outputPaths = (
			);
			runOnlyForDeploymentPostprocessing = 0;
			shellPath = /bin/sh;
			shellScript = "\"${SRCROOT}/Pods/Pods-resources.sh\"\n";
		};
/* End PBXShellScriptBuildPhase section */

/* Begin PBXSourcesBuildPhase section */
		0F04A6271737C70F00E53ED1 /* Sources */ = {
			isa = PBXSourcesBuildPhase;
			buildActionMask = 2147483647;
			files = (
				0FCA4D2F1737D7F0007DC9EF /* XPMenuItem.m in Sources */,
			);
			runOnlyForDeploymentPostprocessing = 0;
		};
		0F04A6531737C7C300E53ED1 /* Sources */ = {
			isa = PBXSourcesBuildPhase;
			buildActionMask = 2147483647;
			files = (
				0FCA4D1C1737CE2C007DC9EF /* OPFinderPlugin.m in Sources */,
			);
			runOnlyForDeploymentPostprocessing = 0;
		};
		0F9C80AC16F891C700B2B6D8 /* Sources */ = {
			isa = PBXSourcesBuildPhase;
			buildActionMask = 2147483647;
			files = (
				0F9C80C016F891C700B2B6D8 /* main.m in Sources */,
				0F9C80C716F891C700B2B6D8 /* OPAppDelegate.m in Sources */,
				0F3DF46D16F98D0D00C003D3 /* OPPhotoAlbum.m in Sources */,
				0FEF33A616FEC8090096D72A /* OPAlbumViewController.m in Sources */,
				0F6AEF851701C02200A797E4 /* OPMainWindowController.m in Sources */,
				0FE3B2441702C62D00FC0D6C /* OPNavigationController.m in Sources */,
				0FE3B2481702C69700FC0D6C /* OPNavigationTitle.m in Sources */,
				0FE3B25A1702E05100FC0D6C /* OPNavigationViewController.m in Sources */,
				0FDE075817030FCC00D5B456 /* OPPhotoCollectionViewController.m in Sources */,
				0F96270E170418EB007C1A86 /* OPPhotoViewController.m in Sources */,
				0FCFCB0A170420AA0040FF11 /* NSImage+MGCropExtensions.m in Sources */,
				0FCFCB1217043D180040FF11 /* OPImageCache.m in Sources */,
				0FB384CB17050B3200DEB770 /* OPAlbumScanner.m in Sources */,
				0F368A71170677A700411503 /* OPPhotoView.m in Sources */,
				0F368A74170678AC00411503 /* NSView+OptiqueBackground.m in Sources */,
				0F368A771706790600411503 /* OPEffectCollectionView.m in Sources */,
				0F368A7A17067C7500411503 /* OPEffectImageCell.m in Sources */,
				0F368A7E170681F100411503 /* OPScrollView.m in Sources */,
				0F368A8717068F0500411503 /* OPWindow.m in Sources */,
				0F368A8A17068F1B00411503 /* OPWindowContentView.m in Sources */,
				0F243AAF1707EF630012149E /* NSWindow+FullScreen.m in Sources */,
				0F705231170AB695001F8159 /* OPPhotoGridView.m in Sources */,
				0F489934170BFFD60044ED0A /* OPImagePreviewService.m in Sources */,
				0F6D098A170FC5E3006268F1 /* OPEffectProcessedImageRef.m in Sources */,
				0FC8A7A9170FD6E300650D7C /* OPImageEffectItemView.m in Sources */,
				0FC8A7AC170FD76800650D7C /* OPImageEffectItem.m in Sources */,
				0FC8A7B0170FD9E000650D7C /* NSImage+CGImage.m in Sources */,
				0FCAF8CE17104C6E00E6C903 /* NSImage+DrawAtPointWithShadow.m in Sources */,
				0FCE744F1714136B00A5AE79 /* NSObject+PerformBlock.m in Sources */,
				0FA706BE171911A200864CED /* OPPhotoGridItemView.m in Sources */,
				0FA706C2171911B900864CED /* OPNewAlbumSheetController.m in Sources */,
				0FA706C7171911CC00864CED /* OPDeleteAlbumSheetController.m in Sources */,
				0F8B71D4171AB9D8004D8082 /* NSImage+Transform.m in Sources */,
				0F8B71D8171BA077004D8082 /* OPPhotoController.m in Sources */,
				0F01F470171F5D8C00579894 /* NSGraphicsContext+GraphicsContext.m in Sources */,
				0F3001E2172250E800ACAF9E /* OPPhotoImageView.m in Sources */,
				0F66FD151728A49B00747AC7 /* OPTextLayer.m in Sources */,
				0F66FD211728FE3300747AC7 /* OPMainWindowContentView.m in Sources */,
				0F6AF878172A3B0B0029724A /* OPCameraService.m in Sources */,
				0F6AF87F172A42750029724A /* OPCamera.m in Sources */,
				0F8C561A172CBB4B00CB7B1E /* OPCameraPhoto.m in Sources */,
				0F8C561D172CC0D300CB7B1E /* OPLocalPhoto.m in Sources */,
				0FB94DD21735E31400065536 /* NSNotificationCenter+Async.m in Sources */,
				0F5FE86317366CF900DF2356 /* XPPhotoManager.m in Sources */,
				0FCA4D291737D351007DC9EF /* OPExposureService.m in Sources */,
			);
			runOnlyForDeploymentPostprocessing = 0;
		};
		0FCA4D511738A272007DC9EF /* Sources */ = {
			isa = PBXSourcesBuildPhase;
			buildActionMask = 2147483647;
			files = (
				0FCA4D681738A2CE007DC9EF /* OPFacebookPlugin.m in Sources */,
			);
			runOnlyForDeploymentPostprocessing = 0;
		};
/* End PBXSourcesBuildPhase section */

/* Begin PBXTargetDependency section */
		0F04A6641737C7DF00E53ED1 /* PBXTargetDependency */ = {
			isa = PBXTargetDependency;
			target = 0F04A62B1737C70F00E53ED1 /* Exposure */;
			targetProxy = 0F04A6631737C7DF00E53ED1 /* PBXContainerItemProxy */;
		};
		0F21E9D31737C9780013B601 /* PBXTargetDependency */ = {
			isa = PBXTargetDependency;
			target = 0F04A62B1737C70F00E53ED1 /* Exposure */;
			targetProxy = 0F21E9D21737C9780013B601 /* PBXContainerItemProxy */;
		};
		0FCA4D181737CC38007DC9EF /* PBXTargetDependency */ = {
			isa = PBXTargetDependency;
			target = 0F04A6561737C7C300E53ED1 /* Finder */;
			targetProxy = 0FCA4D171737CC38007DC9EF /* PBXContainerItemProxy */;
		};
		0FCA4D621738A278007DC9EF /* PBXTargetDependency */ = {
			isa = PBXTargetDependency;
			target = 0F04A62B1737C70F00E53ED1 /* Exposure */;
			targetProxy = 0FCA4D611738A278007DC9EF /* PBXContainerItemProxy */;
		};
/* End PBXTargetDependency section */

/* Begin PBXVariantGroup section */
		0F04A6311737C71000E53ED1 /* InfoPlist.strings */ = {
			isa = PBXVariantGroup;
			children = (
				0F04A6321737C71000E53ED1 /* en */,
			);
			name = InfoPlist.strings;
			sourceTree = "<group>";
		};
		0F04A65C1737C7C300E53ED1 /* InfoPlist.strings */ = {
			isa = PBXVariantGroup;
			children = (
				0F04A65D1737C7C300E53ED1 /* en */,
			);
			name = InfoPlist.strings;
			sourceTree = "<group>";
		};
		0F9C80BC16F891C700B2B6D8 /* InfoPlist.strings */ = {
			isa = PBXVariantGroup;
			children = (
				0F9C80BD16F891C700B2B6D8 /* en */,
			);
			name = InfoPlist.strings;
			sourceTree = "<group>";
		};
		0F9C80C216F891C700B2B6D8 /* Credits.rtf */ = {
			isa = PBXVariantGroup;
			children = (
				0F9C80C316F891C700B2B6D8 /* en */,
			);
			name = Credits.rtf;
			sourceTree = "<group>";
		};
		0F9C80C816F891C700B2B6D8 /* MainMenu.xib */ = {
			isa = PBXVariantGroup;
			children = (
				0F9C80C916F891C700B2B6D8 /* en */,
			);
			name = MainMenu.xib;
			sourceTree = "<group>";
		};
		0FCA4D5A1738A272007DC9EF /* InfoPlist.strings */ = {
			isa = PBXVariantGroup;
			children = (
				0FCA4D5B1738A272007DC9EF /* en */,
			);
			name = InfoPlist.strings;
			sourceTree = "<group>";
		};
/* End PBXVariantGroup section */

/* Begin XCBuildConfiguration section */
		0F04A6391737C71000E53ED1 /* Debug */ = {
			isa = XCBuildConfiguration;
			buildSettings = {
				COMBINE_HIDPI_IMAGES = YES;
				DYLIB_COMPATIBILITY_VERSION = 1;
				DYLIB_CURRENT_VERSION = 1;
				FRAMEWORK_VERSION = A;
				GCC_PRECOMPILE_PREFIX_HEADER = YES;
				GCC_PREFIX_HEADER = "Exposure/Exposure-Prefix.pch";
				INFOPLIST_FILE = "Exposure/Exposure-Info.plist";
				PRODUCT_NAME = "$(TARGET_NAME)";
				WRAPPER_EXTENSION = framework;
			};
			name = Debug;
		};
		0F04A63A1737C71000E53ED1 /* Release */ = {
			isa = XCBuildConfiguration;
			buildSettings = {
				COMBINE_HIDPI_IMAGES = YES;
				DYLIB_COMPATIBILITY_VERSION = 1;
				DYLIB_CURRENT_VERSION = 1;
				FRAMEWORK_VERSION = A;
				GCC_PRECOMPILE_PREFIX_HEADER = YES;
				GCC_PREFIX_HEADER = "Exposure/Exposure-Prefix.pch";
				INFOPLIST_FILE = "Exposure/Exposure-Info.plist";
				PRODUCT_NAME = "$(TARGET_NAME)";
				WRAPPER_EXTENSION = framework;
			};
			name = Release;
		};
		0F04A6611737C7C300E53ED1 /* Debug */ = {
			isa = XCBuildConfiguration;
			buildSettings = {
				COMBINE_HIDPI_IMAGES = YES;
				GCC_PRECOMPILE_PREFIX_HEADER = YES;
				GCC_PREFIX_HEADER = "Finder/Finder-Prefix.pch";
				INFOPLIST_FILE = "Finder/Finder-Info.plist";
				INSTALL_PATH = "$(LOCAL_LIBRARY_DIR)/Bundles";
				PRODUCT_NAME = "$(TARGET_NAME)";
				WRAPPER_EXTENSION = bundle;
			};
			name = Debug;
		};
		0F04A6621737C7C300E53ED1 /* Release */ = {
			isa = XCBuildConfiguration;
			buildSettings = {
				COMBINE_HIDPI_IMAGES = YES;
				GCC_PRECOMPILE_PREFIX_HEADER = YES;
				GCC_PREFIX_HEADER = "Finder/Finder-Prefix.pch";
				INFOPLIST_FILE = "Finder/Finder-Info.plist";
				INSTALL_PATH = "$(LOCAL_LIBRARY_DIR)/Bundles";
				PRODUCT_NAME = "$(TARGET_NAME)";
				WRAPPER_EXTENSION = bundle;
			};
			name = Release;
		};
		0F9C80CB16F891C700B2B6D8 /* Debug */ = {
			isa = XCBuildConfiguration;
			buildSettings = {
				ALWAYS_SEARCH_USER_PATHS = NO;
				ARCHS = "$(ARCHS_STANDARD_64_BIT)";
				CLANG_CXX_LANGUAGE_STANDARD = "gnu++0x";
				CLANG_CXX_LIBRARY = "libc++";
				CLANG_ENABLE_OBJC_ARC = YES;
				CLANG_WARN_CONSTANT_CONVERSION = YES;
				CLANG_WARN_EMPTY_BODY = YES;
				CLANG_WARN_ENUM_CONVERSION = YES;
				CLANG_WARN_INT_CONVERSION = YES;
				CLANG_WARN__DUPLICATE_METHOD_MATCH = YES;
				COPY_PHASE_STRIP = NO;
				GCC_C_LANGUAGE_STANDARD = gnu99;
				GCC_DYNAMIC_NO_PIC = NO;
				GCC_ENABLE_OBJC_EXCEPTIONS = YES;
				GCC_OPTIMIZATION_LEVEL = 0;
				GCC_PREPROCESSOR_DEFINITIONS = (
					"DEBUG=1",
					"$(inherited)",
				);
				GCC_SYMBOLS_PRIVATE_EXTERN = NO;
				GCC_WARN_64_TO_32_BIT_CONVERSION = YES;
				GCC_WARN_ABOUT_RETURN_TYPE = YES;
				GCC_WARN_UNINITIALIZED_AUTOS = YES;
				GCC_WARN_UNUSED_VARIABLE = YES;
				MACOSX_DEPLOYMENT_TARGET = 10.8;
				ONLY_ACTIVE_ARCH = YES;
				SDKROOT = macosx;
			};
			name = Debug;
		};
		0F9C80CC16F891C700B2B6D8 /* Release */ = {
			isa = XCBuildConfiguration;
			buildSettings = {
				ALWAYS_SEARCH_USER_PATHS = NO;
				ARCHS = "$(ARCHS_STANDARD_64_BIT)";
				CLANG_CXX_LANGUAGE_STANDARD = "gnu++0x";
				CLANG_CXX_LIBRARY = "libc++";
				CLANG_ENABLE_OBJC_ARC = YES;
				CLANG_WARN_CONSTANT_CONVERSION = YES;
				CLANG_WARN_EMPTY_BODY = YES;
				CLANG_WARN_ENUM_CONVERSION = YES;
				CLANG_WARN_INT_CONVERSION = YES;
				CLANG_WARN__DUPLICATE_METHOD_MATCH = YES;
				COPY_PHASE_STRIP = YES;
				DEBUG_INFORMATION_FORMAT = "dwarf-with-dsym";
				GCC_C_LANGUAGE_STANDARD = gnu99;
				GCC_ENABLE_OBJC_EXCEPTIONS = YES;
				GCC_WARN_64_TO_32_BIT_CONVERSION = YES;
				GCC_WARN_ABOUT_RETURN_TYPE = YES;
				GCC_WARN_UNINITIALIZED_AUTOS = YES;
				GCC_WARN_UNUSED_VARIABLE = YES;
				MACOSX_DEPLOYMENT_TARGET = 10.8;
				SDKROOT = macosx;
			};
			name = Release;
		};
		0F9C80CE16F891C700B2B6D8 /* Debug */ = {
			isa = XCBuildConfiguration;
			baseConfigurationReference = 1915239F645F4207934EB0EC /* Pods.xcconfig */;
			buildSettings = {
				CODE_SIGN_IDENTITY = "";
				COMBINE_HIDPI_IMAGES = YES;
				FRAMEWORK_SEARCH_PATHS = (
					"$(inherited)",
					"\"$(SRCROOT)\"",
					"\"$(SRCROOT)/DerivedData/Optique/Build/Products/Debug/\"",
					"\"$(SRCROOT)/Frameworks\"",
				);
				GCC_PRECOMPILE_PREFIX_HEADER = YES;
				GCC_PREFIX_HEADER = "Optique/Optique-Prefix.pch";
				INFOPLIST_FILE = "Optique/Optique-Info.plist";
				MACOSX_DEPLOYMENT_TARGET = 10.8;
				PRODUCT_NAME = "$(TARGET_NAME)";
				WRAPPER_EXTENSION = app;
			};
			name = Debug;
		};
		0F9C80CF16F891C700B2B6D8 /* Release */ = {
			isa = XCBuildConfiguration;
			baseConfigurationReference = 1915239F645F4207934EB0EC /* Pods.xcconfig */;
			buildSettings = {
				CODE_SIGN_IDENTITY = "";
				COMBINE_HIDPI_IMAGES = YES;
				FRAMEWORK_SEARCH_PATHS = (
					"$(inherited)",
					"\"$(SRCROOT)\"",
					"\"$(SRCROOT)/DerivedData/Optique/Build/Products/Release\"",
					"\"$(SRCROOT)/Frameworks\"",
				);
				GCC_PRECOMPILE_PREFIX_HEADER = YES;
				GCC_PREFIX_HEADER = "Optique/Optique-Prefix.pch";
				INFOPLIST_FILE = "Optique/Optique-Info.plist";
				MACOSX_DEPLOYMENT_TARGET = 10.8;
				PRODUCT_NAME = "$(TARGET_NAME)";
				WRAPPER_EXTENSION = app;
			};
			name = Release;
		};
		0FCA4D5F1738A273007DC9EF /* Debug */ = {
			isa = XCBuildConfiguration;
			buildSettings = {
				COMBINE_HIDPI_IMAGES = YES;
				GCC_PRECOMPILE_PREFIX_HEADER = YES;
				GCC_PREFIX_HEADER = "Facebook/Facebook-Prefix.pch";
				INFOPLIST_FILE = "Facebook/Facebook-Info.plist";
				INSTALL_PATH = "$(LOCAL_LIBRARY_DIR)/Bundles";
				PRODUCT_NAME = "$(TARGET_NAME)";
				WRAPPER_EXTENSION = bundle;
			};
			name = Debug;
		};
		0FCA4D601738A273007DC9EF /* Release */ = {
			isa = XCBuildConfiguration;
			buildSettings = {
				COMBINE_HIDPI_IMAGES = YES;
				GCC_PRECOMPILE_PREFIX_HEADER = YES;
				GCC_PREFIX_HEADER = "Facebook/Facebook-Prefix.pch";
				INFOPLIST_FILE = "Facebook/Facebook-Info.plist";
				INSTALL_PATH = "$(LOCAL_LIBRARY_DIR)/Bundles";
				PRODUCT_NAME = "$(TARGET_NAME)";
				WRAPPER_EXTENSION = bundle;
			};
			name = Release;
		};
/* End XCBuildConfiguration section */

/* Begin XCConfigurationList section */
		0F04A6381737C71000E53ED1 /* Build configuration list for PBXNativeTarget "Exposure" */ = {
			isa = XCConfigurationList;
			buildConfigurations = (
				0F04A6391737C71000E53ED1 /* Debug */,
				0F04A63A1737C71000E53ED1 /* Release */,
			);
			defaultConfigurationIsVisible = 0;
			defaultConfigurationName = Release;
		};
		0F04A6601737C7C300E53ED1 /* Build configuration list for PBXNativeTarget "Finder" */ = {
			isa = XCConfigurationList;
			buildConfigurations = (
				0F04A6611737C7C300E53ED1 /* Debug */,
				0F04A6621737C7C300E53ED1 /* Release */,
			);
			defaultConfigurationIsVisible = 0;
			defaultConfigurationName = Release;
		};
		0F9C80AB16F891C700B2B6D8 /* Build configuration list for PBXProject "Optique" */ = {
			isa = XCConfigurationList;
			buildConfigurations = (
				0F9C80CB16F891C700B2B6D8 /* Debug */,
				0F9C80CC16F891C700B2B6D8 /* Release */,
			);
			defaultConfigurationIsVisible = 0;
			defaultConfigurationName = Release;
		};
		0F9C80CD16F891C700B2B6D8 /* Build configuration list for PBXNativeTarget "Optique" */ = {
			isa = XCConfigurationList;
			buildConfigurations = (
				0F9C80CE16F891C700B2B6D8 /* Debug */,
				0F9C80CF16F891C700B2B6D8 /* Release */,
			);
			defaultConfigurationIsVisible = 0;
			defaultConfigurationName = Release;
		};
		0FCA4D5E1738A273007DC9EF /* Build configuration list for PBXNativeTarget "Facebook" */ = {
			isa = XCConfigurationList;
			buildConfigurations = (
				0FCA4D5F1738A273007DC9EF /* Debug */,
				0FCA4D601738A273007DC9EF /* Release */,
			);
			defaultConfigurationIsVisible = 0;
		};
/* End XCConfigurationList section */
	};
	rootObject = 0F9C80A816F891C700B2B6D8 /* Project object */;
}
